
Microsoft Visual Studio Solution File, Format Version 12.00
# Visual Studio Version 17
VisualStudioVersion = 17.5.33530.505
MinimumVisualStudioVersion = 10.0.40219.1
Project("{9A19103F-16F7-4668-BE54-9A1E7A4F7556}") = "CryptoSporidium", "CryptoSporidium\CryptoSporidium.csproj", "{0D406DE7-B8B1-424E-B66C-CB4B18E803E6}"
EndProject
Project("{9A19103F-16F7-4668-BE54-9A1E7A4F7556}") = "HTTPServer", "HTTPServer\HTTPServer.csproj", "{EB8A5B15-DEDF-481E-92C5-2B0D455B445D}"
EndProject
Project("{9A19103F-16F7-4668-BE54-9A1E7A4F7556}") = "Horizon", "Horizon\Horizon.csproj", "{BA6B710F-757D-4B82-ABF6-A6079EC8296F}"
EndProject
Project("{9A19103F-16F7-4668-BE54-9A1E7A4F7556}") = "MitmDNS", "MitmDNS\MitmDNS.csproj", "{7E8D9EFB-03EE-47E0-9A49-F964285D05A3}"
EndProject
Project("{9A19103F-16F7-4668-BE54-9A1E7A4F7556}") = "SSFWServer", "SSFWServer\SSFWServer.csproj", "{1DBCF8CA-5AF0-43D2-B0C5-775C5911BDCA}"
EndProject
Project("{9A19103F-16F7-4668-BE54-9A1E7A4F7556}") = "SVO", "SVO\SVO.csproj", "{37661A83-2DFC-486F-ABE4-A5E96450847B}"
EndProject
Project("{9A19103F-16F7-4668-BE54-9A1E7A4F7556}") = "TycoonServer", "TycoonServer\TycoonServer.csproj", "{0BC8E4BA-ADE1-4BFE-B9B0-84A828ADC491}"
EndProject
Project("{9A19103F-16F7-4668-BE54-9A1E7A4F7556}") = "HTTPSecureServerLite", "HTTPSecureServerLite\HTTPSecureServerLite.csproj", "{FA885A62-FB9B-4EA7-94B8-C504A0D90132}"
EndProject
Project("{9A19103F-16F7-4668-BE54-9A1E7A4F7556}") = "CustomLogger", "CustomLogger\CustomLogger.csproj", "{8970F312-3D04-4E53-9229-6256ADCC4836}"
EndProject
Project("{9A19103F-16F7-4668-BE54-9A1E7A4F7556}") = "NetCoreServer", "NetCoreServer-Custom\source\NetCoreServer\NetCoreServer.csproj", "{783124A9-BC89-42FC-B755-A9FA3CA4CD6B}"
EndProject
Project("{9A19103F-16F7-4668-BE54-9A1E7A4F7556}") = "GraphicalUserInterface", "GraphicalUserInterface\GraphicalUserInterface.csproj", "{F157D101-AFAC-4CC8-817B-14FD63F224BE}"
EndProject
Project("{9A19103F-16F7-4668-BE54-9A1E7A4F7556}") = "MultiSpy", "MultiSpy\MultiSpy.csproj", "{DE14F735-2D4B-4475-B500-243DFDBB4ADB}"
EndProject
Project("{9A19103F-16F7-4668-BE54-9A1E7A4F7556}") = "SRVEmu", "SRVEmu\SRVEmu.csproj", "{AF792474-ADC6-4E66-B511-6759D70C6FC7}"
EndProject
Project("{FAE04EC0-301F-11D3-BF4B-00C04F79EFBC}") = "QuazalServer", "QuazalServer\QuazalServer.csproj", "{2F893814-E068-47E7-81B7-262E02F1B27C}"
EndProject
Global
	GlobalSection(SolutionConfigurationPlatforms) = preSolution
		Debug|Any CPU = Debug|Any CPU
		Debug|ARM32 = Debug|ARM32
		Debug|ARM64 = Debug|ARM64
		Debug|x64 = Debug|x64
		Publish|Any CPU = Publish|Any CPU
		Publish|ARM32 = Publish|ARM32
		Publish|ARM64 = Publish|ARM64
		Publish|x64 = Publish|x64
		Release|Any CPU = Release|Any CPU
		Release|ARM32 = Release|ARM32
		Release|ARM64 = Release|ARM64
		Release|x64 = Release|x64
	EndGlobalSection
	GlobalSection(ProjectConfigurationPlatforms) = postSolution
		{0D406DE7-B8B1-424E-B66C-CB4B18E803E6}.Debug|Any CPU.ActiveCfg = Debug|Any CPU
		{0D406DE7-B8B1-424E-B66C-CB4B18E803E6}.Debug|Any CPU.Build.0 = Debug|Any CPU
		{0D406DE7-B8B1-424E-B66C-CB4B18E803E6}.Debug|ARM32.ActiveCfg = Debug|Any CPU
		{0D406DE7-B8B1-424E-B66C-CB4B18E803E6}.Debug|ARM32.Build.0 = Debug|Any CPU
		{0D406DE7-B8B1-424E-B66C-CB4B18E803E6}.Debug|ARM64.ActiveCfg = Debug|Any CPU
		{0D406DE7-B8B1-424E-B66C-CB4B18E803E6}.Debug|ARM64.Build.0 = Debug|Any CPU
		{0D406DE7-B8B1-424E-B66C-CB4B18E803E6}.Debug|x64.ActiveCfg = Debug|Any CPU
		{0D406DE7-B8B1-424E-B66C-CB4B18E803E6}.Debug|x64.Build.0 = Debug|Any CPU
		{0D406DE7-B8B1-424E-B66C-CB4B18E803E6}.Publish|Any CPU.ActiveCfg = Debug|Any CPU
		{0D406DE7-B8B1-424E-B66C-CB4B18E803E6}.Publish|Any CPU.Build.0 = Debug|Any CPU
		{0D406DE7-B8B1-424E-B66C-CB4B18E803E6}.Publish|ARM32.ActiveCfg = Debug|Any CPU
		{0D406DE7-B8B1-424E-B66C-CB4B18E803E6}.Publish|ARM32.Build.0 = Debug|Any CPU
		{0D406DE7-B8B1-424E-B66C-CB4B18E803E6}.Publish|ARM64.ActiveCfg = Debug|Any CPU
		{0D406DE7-B8B1-424E-B66C-CB4B18E803E6}.Publish|ARM64.Build.0 = Debug|Any CPU
		{0D406DE7-B8B1-424E-B66C-CB4B18E803E6}.Publish|x64.ActiveCfg = Debug|Any CPU
		{0D406DE7-B8B1-424E-B66C-CB4B18E803E6}.Publish|x64.Build.0 = Debug|Any CPU
		{0D406DE7-B8B1-424E-B66C-CB4B18E803E6}.Release|Any CPU.ActiveCfg = Release|Any CPU
		{0D406DE7-B8B1-424E-B66C-CB4B18E803E6}.Release|Any CPU.Build.0 = Release|Any CPU
		{0D406DE7-B8B1-424E-B66C-CB4B18E803E6}.Release|ARM32.ActiveCfg = Release|Any CPU
		{0D406DE7-B8B1-424E-B66C-CB4B18E803E6}.Release|ARM32.Build.0 = Release|Any CPU
		{0D406DE7-B8B1-424E-B66C-CB4B18E803E6}.Release|ARM64.ActiveCfg = Release|Any CPU
		{0D406DE7-B8B1-424E-B66C-CB4B18E803E6}.Release|ARM64.Build.0 = Release|Any CPU
		{0D406DE7-B8B1-424E-B66C-CB4B18E803E6}.Release|x64.ActiveCfg = Release|Any CPU
		{0D406DE7-B8B1-424E-B66C-CB4B18E803E6}.Release|x64.Build.0 = Release|Any CPU
		{EB8A5B15-DEDF-481E-92C5-2B0D455B445D}.Debug|Any CPU.ActiveCfg = Debug|Any CPU
		{EB8A5B15-DEDF-481E-92C5-2B0D455B445D}.Debug|Any CPU.Build.0 = Debug|Any CPU
		{EB8A5B15-DEDF-481E-92C5-2B0D455B445D}.Debug|ARM32.ActiveCfg = Debug|Any CPU
		{EB8A5B15-DEDF-481E-92C5-2B0D455B445D}.Debug|ARM32.Build.0 = Debug|Any CPU
		{EB8A5B15-DEDF-481E-92C5-2B0D455B445D}.Debug|ARM64.ActiveCfg = Debug|Any CPU
		{EB8A5B15-DEDF-481E-92C5-2B0D455B445D}.Debug|ARM64.Build.0 = Debug|Any CPU
		{EB8A5B15-DEDF-481E-92C5-2B0D455B445D}.Debug|x64.ActiveCfg = Debug|Any CPU
		{EB8A5B15-DEDF-481E-92C5-2B0D455B445D}.Debug|x64.Build.0 = Debug|Any CPU
		{EB8A5B15-DEDF-481E-92C5-2B0D455B445D}.Publish|Any CPU.ActiveCfg = Debug|Any CPU
		{EB8A5B15-DEDF-481E-92C5-2B0D455B445D}.Publish|Any CPU.Build.0 = Debug|Any CPU
		{EB8A5B15-DEDF-481E-92C5-2B0D455B445D}.Publish|ARM32.ActiveCfg = Debug|Any CPU
		{EB8A5B15-DEDF-481E-92C5-2B0D455B445D}.Publish|ARM32.Build.0 = Debug|Any CPU
		{EB8A5B15-DEDF-481E-92C5-2B0D455B445D}.Publish|ARM64.ActiveCfg = Debug|Any CPU
		{EB8A5B15-DEDF-481E-92C5-2B0D455B445D}.Publish|ARM64.Build.0 = Debug|Any CPU
		{EB8A5B15-DEDF-481E-92C5-2B0D455B445D}.Publish|x64.ActiveCfg = Debug|Any CPU
		{EB8A5B15-DEDF-481E-92C5-2B0D455B445D}.Publish|x64.Build.0 = Debug|Any CPU
		{EB8A5B15-DEDF-481E-92C5-2B0D455B445D}.Release|Any CPU.ActiveCfg = Release|Any CPU
		{EB8A5B15-DEDF-481E-92C5-2B0D455B445D}.Release|Any CPU.Build.0 = Release|Any CPU
		{EB8A5B15-DEDF-481E-92C5-2B0D455B445D}.Release|ARM32.ActiveCfg = Release|Any CPU
		{EB8A5B15-DEDF-481E-92C5-2B0D455B445D}.Release|ARM32.Build.0 = Release|Any CPU
		{EB8A5B15-DEDF-481E-92C5-2B0D455B445D}.Release|ARM64.ActiveCfg = Release|Any CPU
		{EB8A5B15-DEDF-481E-92C5-2B0D455B445D}.Release|ARM64.Build.0 = Release|Any CPU
		{EB8A5B15-DEDF-481E-92C5-2B0D455B445D}.Release|x64.ActiveCfg = Release|Any CPU
		{EB8A5B15-DEDF-481E-92C5-2B0D455B445D}.Release|x64.Build.0 = Release|Any CPU
		{BA6B710F-757D-4B82-ABF6-A6079EC8296F}.Debug|Any CPU.ActiveCfg = Debug|Any CPU
		{BA6B710F-757D-4B82-ABF6-A6079EC8296F}.Debug|Any CPU.Build.0 = Debug|Any CPU
		{BA6B710F-757D-4B82-ABF6-A6079EC8296F}.Debug|ARM32.ActiveCfg = Debug|Any CPU
		{BA6B710F-757D-4B82-ABF6-A6079EC8296F}.Debug|ARM32.Build.0 = Debug|Any CPU
		{BA6B710F-757D-4B82-ABF6-A6079EC8296F}.Debug|ARM64.ActiveCfg = Debug|Any CPU
		{BA6B710F-757D-4B82-ABF6-A6079EC8296F}.Debug|ARM64.Build.0 = Debug|Any CPU
		{BA6B710F-757D-4B82-ABF6-A6079EC8296F}.Debug|x64.ActiveCfg = Debug|Any CPU
		{BA6B710F-757D-4B82-ABF6-A6079EC8296F}.Debug|x64.Build.0 = Debug|Any CPU
		{BA6B710F-757D-4B82-ABF6-A6079EC8296F}.Publish|Any CPU.ActiveCfg = Debug|Any CPU
		{BA6B710F-757D-4B82-ABF6-A6079EC8296F}.Publish|Any CPU.Build.0 = Debug|Any CPU
		{BA6B710F-757D-4B82-ABF6-A6079EC8296F}.Publish|ARM32.ActiveCfg = Debug|Any CPU
		{BA6B710F-757D-4B82-ABF6-A6079EC8296F}.Publish|ARM32.Build.0 = Debug|Any CPU
		{BA6B710F-757D-4B82-ABF6-A6079EC8296F}.Publish|ARM64.ActiveCfg = Debug|Any CPU
		{BA6B710F-757D-4B82-ABF6-A6079EC8296F}.Publish|ARM64.Build.0 = Debug|Any CPU
		{BA6B710F-757D-4B82-ABF6-A6079EC8296F}.Publish|x64.ActiveCfg = Debug|Any CPU
		{BA6B710F-757D-4B82-ABF6-A6079EC8296F}.Publish|x64.Build.0 = Debug|Any CPU
		{BA6B710F-757D-4B82-ABF6-A6079EC8296F}.Release|Any CPU.ActiveCfg = Release|Any CPU
		{BA6B710F-757D-4B82-ABF6-A6079EC8296F}.Release|Any CPU.Build.0 = Release|Any CPU
		{BA6B710F-757D-4B82-ABF6-A6079EC8296F}.Release|ARM32.ActiveCfg = Release|Any CPU
		{BA6B710F-757D-4B82-ABF6-A6079EC8296F}.Release|ARM32.Build.0 = Release|Any CPU
		{BA6B710F-757D-4B82-ABF6-A6079EC8296F}.Release|ARM64.ActiveCfg = Release|Any CPU
		{BA6B710F-757D-4B82-ABF6-A6079EC8296F}.Release|ARM64.Build.0 = Release|Any CPU
		{BA6B710F-757D-4B82-ABF6-A6079EC8296F}.Release|x64.ActiveCfg = Release|Any CPU
		{BA6B710F-757D-4B82-ABF6-A6079EC8296F}.Release|x64.Build.0 = Release|Any CPU
		{7E8D9EFB-03EE-47E0-9A49-F964285D05A3}.Debug|Any CPU.ActiveCfg = Debug|Any CPU
		{7E8D9EFB-03EE-47E0-9A49-F964285D05A3}.Debug|Any CPU.Build.0 = Debug|Any CPU
		{7E8D9EFB-03EE-47E0-9A49-F964285D05A3}.Debug|ARM32.ActiveCfg = Debug|Any CPU
		{7E8D9EFB-03EE-47E0-9A49-F964285D05A3}.Debug|ARM32.Build.0 = Debug|Any CPU
		{7E8D9EFB-03EE-47E0-9A49-F964285D05A3}.Debug|ARM64.ActiveCfg = Debug|Any CPU
		{7E8D9EFB-03EE-47E0-9A49-F964285D05A3}.Debug|ARM64.Build.0 = Debug|Any CPU
		{7E8D9EFB-03EE-47E0-9A49-F964285D05A3}.Debug|x64.ActiveCfg = Debug|Any CPU
		{7E8D9EFB-03EE-47E0-9A49-F964285D05A3}.Debug|x64.Build.0 = Debug|Any CPU
		{7E8D9EFB-03EE-47E0-9A49-F964285D05A3}.Publish|Any CPU.ActiveCfg = Debug|Any CPU
		{7E8D9EFB-03EE-47E0-9A49-F964285D05A3}.Publish|Any CPU.Build.0 = Debug|Any CPU
		{7E8D9EFB-03EE-47E0-9A49-F964285D05A3}.Publish|ARM32.ActiveCfg = Debug|Any CPU
		{7E8D9EFB-03EE-47E0-9A49-F964285D05A3}.Publish|ARM32.Build.0 = Debug|Any CPU
		{7E8D9EFB-03EE-47E0-9A49-F964285D05A3}.Publish|ARM64.ActiveCfg = Debug|Any CPU
		{7E8D9EFB-03EE-47E0-9A49-F964285D05A3}.Publish|ARM64.Build.0 = Debug|Any CPU
		{7E8D9EFB-03EE-47E0-9A49-F964285D05A3}.Publish|x64.ActiveCfg = Debug|Any CPU
		{7E8D9EFB-03EE-47E0-9A49-F964285D05A3}.Publish|x64.Build.0 = Debug|Any CPU
		{7E8D9EFB-03EE-47E0-9A49-F964285D05A3}.Release|Any CPU.ActiveCfg = Release|Any CPU
		{7E8D9EFB-03EE-47E0-9A49-F964285D05A3}.Release|Any CPU.Build.0 = Release|Any CPU
		{7E8D9EFB-03EE-47E0-9A49-F964285D05A3}.Release|ARM32.ActiveCfg = Release|Any CPU
		{7E8D9EFB-03EE-47E0-9A49-F964285D05A3}.Release|ARM32.Build.0 = Release|Any CPU
		{7E8D9EFB-03EE-47E0-9A49-F964285D05A3}.Release|ARM64.ActiveCfg = Release|Any CPU
		{7E8D9EFB-03EE-47E0-9A49-F964285D05A3}.Release|ARM64.Build.0 = Release|Any CPU
		{7E8D9EFB-03EE-47E0-9A49-F964285D05A3}.Release|x64.ActiveCfg = Release|Any CPU
		{7E8D9EFB-03EE-47E0-9A49-F964285D05A3}.Release|x64.Build.0 = Release|Any CPU
		{1DBCF8CA-5AF0-43D2-B0C5-775C5911BDCA}.Debug|Any CPU.ActiveCfg = Debug|Any CPU
		{1DBCF8CA-5AF0-43D2-B0C5-775C5911BDCA}.Debug|Any CPU.Build.0 = Debug|Any CPU
		{1DBCF8CA-5AF0-43D2-B0C5-775C5911BDCA}.Debug|ARM32.ActiveCfg = Debug|Any CPU
		{1DBCF8CA-5AF0-43D2-B0C5-775C5911BDCA}.Debug|ARM32.Build.0 = Debug|Any CPU
		{1DBCF8CA-5AF0-43D2-B0C5-775C5911BDCA}.Debug|ARM64.ActiveCfg = Debug|Any CPU
		{1DBCF8CA-5AF0-43D2-B0C5-775C5911BDCA}.Debug|ARM64.Build.0 = Debug|Any CPU
		{1DBCF8CA-5AF0-43D2-B0C5-775C5911BDCA}.Debug|x64.ActiveCfg = Debug|Any CPU
		{1DBCF8CA-5AF0-43D2-B0C5-775C5911BDCA}.Debug|x64.Build.0 = Debug|Any CPU
		{1DBCF8CA-5AF0-43D2-B0C5-775C5911BDCA}.Publish|Any CPU.ActiveCfg = Debug|Any CPU
		{1DBCF8CA-5AF0-43D2-B0C5-775C5911BDCA}.Publish|Any CPU.Build.0 = Debug|Any CPU
		{1DBCF8CA-5AF0-43D2-B0C5-775C5911BDCA}.Publish|ARM32.ActiveCfg = Debug|Any CPU
		{1DBCF8CA-5AF0-43D2-B0C5-775C5911BDCA}.Publish|ARM32.Build.0 = Debug|Any CPU
		{1DBCF8CA-5AF0-43D2-B0C5-775C5911BDCA}.Publish|ARM64.ActiveCfg = Debug|Any CPU
		{1DBCF8CA-5AF0-43D2-B0C5-775C5911BDCA}.Publish|ARM64.Build.0 = Debug|Any CPU
		{1DBCF8CA-5AF0-43D2-B0C5-775C5911BDCA}.Publish|x64.ActiveCfg = Debug|Any CPU
		{1DBCF8CA-5AF0-43D2-B0C5-775C5911BDCA}.Publish|x64.Build.0 = Debug|Any CPU
		{1DBCF8CA-5AF0-43D2-B0C5-775C5911BDCA}.Release|Any CPU.ActiveCfg = Release|Any CPU
		{1DBCF8CA-5AF0-43D2-B0C5-775C5911BDCA}.Release|Any CPU.Build.0 = Release|Any CPU
		{1DBCF8CA-5AF0-43D2-B0C5-775C5911BDCA}.Release|ARM32.ActiveCfg = Release|Any CPU
		{1DBCF8CA-5AF0-43D2-B0C5-775C5911BDCA}.Release|ARM32.Build.0 = Release|Any CPU
		{1DBCF8CA-5AF0-43D2-B0C5-775C5911BDCA}.Release|ARM64.ActiveCfg = Release|Any CPU
		{1DBCF8CA-5AF0-43D2-B0C5-775C5911BDCA}.Release|ARM64.Build.0 = Release|Any CPU
		{1DBCF8CA-5AF0-43D2-B0C5-775C5911BDCA}.Release|x64.ActiveCfg = Release|Any CPU
		{1DBCF8CA-5AF0-43D2-B0C5-775C5911BDCA}.Release|x64.Build.0 = Release|Any CPU
		{37661A83-2DFC-486F-ABE4-A5E96450847B}.Debug|Any CPU.ActiveCfg = Debug|Any CPU
		{37661A83-2DFC-486F-ABE4-A5E96450847B}.Debug|Any CPU.Build.0 = Debug|Any CPU
		{37661A83-2DFC-486F-ABE4-A5E96450847B}.Debug|ARM32.ActiveCfg = Debug|Any CPU
		{37661A83-2DFC-486F-ABE4-A5E96450847B}.Debug|ARM32.Build.0 = Debug|Any CPU
		{37661A83-2DFC-486F-ABE4-A5E96450847B}.Debug|ARM64.ActiveCfg = Debug|Any CPU
		{37661A83-2DFC-486F-ABE4-A5E96450847B}.Debug|ARM64.Build.0 = Debug|Any CPU
		{37661A83-2DFC-486F-ABE4-A5E96450847B}.Debug|x64.ActiveCfg = Debug|Any CPU
		{37661A83-2DFC-486F-ABE4-A5E96450847B}.Debug|x64.Build.0 = Debug|Any CPU
		{37661A83-2DFC-486F-ABE4-A5E96450847B}.Publish|Any CPU.ActiveCfg = Debug|Any CPU
		{37661A83-2DFC-486F-ABE4-A5E96450847B}.Publish|Any CPU.Build.0 = Debug|Any CPU
		{37661A83-2DFC-486F-ABE4-A5E96450847B}.Publish|ARM32.ActiveCfg = Debug|Any CPU
		{37661A83-2DFC-486F-ABE4-A5E96450847B}.Publish|ARM32.Build.0 = Debug|Any CPU
		{37661A83-2DFC-486F-ABE4-A5E96450847B}.Publish|ARM64.ActiveCfg = Debug|Any CPU
		{37661A83-2DFC-486F-ABE4-A5E96450847B}.Publish|ARM64.Build.0 = Debug|Any CPU
		{37661A83-2DFC-486F-ABE4-A5E96450847B}.Publish|x64.ActiveCfg = Debug|Any CPU
		{37661A83-2DFC-486F-ABE4-A5E96450847B}.Publish|x64.Build.0 = Debug|Any CPU
		{37661A83-2DFC-486F-ABE4-A5E96450847B}.Release|Any CPU.ActiveCfg = Release|Any CPU
		{37661A83-2DFC-486F-ABE4-A5E96450847B}.Release|Any CPU.Build.0 = Release|Any CPU
		{37661A83-2DFC-486F-ABE4-A5E96450847B}.Release|ARM32.ActiveCfg = Release|Any CPU
		{37661A83-2DFC-486F-ABE4-A5E96450847B}.Release|ARM32.Build.0 = Release|Any CPU
		{37661A83-2DFC-486F-ABE4-A5E96450847B}.Release|ARM64.ActiveCfg = Release|Any CPU
		{37661A83-2DFC-486F-ABE4-A5E96450847B}.Release|ARM64.Build.0 = Release|Any CPU
		{37661A83-2DFC-486F-ABE4-A5E96450847B}.Release|x64.ActiveCfg = Release|Any CPU
		{37661A83-2DFC-486F-ABE4-A5E96450847B}.Release|x64.Build.0 = Release|Any CPU
		{0BC8E4BA-ADE1-4BFE-B9B0-84A828ADC491}.Debug|Any CPU.ActiveCfg = Debug|Any CPU
		{0BC8E4BA-ADE1-4BFE-B9B0-84A828ADC491}.Debug|Any CPU.Build.0 = Debug|Any CPU
		{0BC8E4BA-ADE1-4BFE-B9B0-84A828ADC491}.Debug|ARM32.ActiveCfg = Debug|Any CPU
		{0BC8E4BA-ADE1-4BFE-B9B0-84A828ADC491}.Debug|ARM32.Build.0 = Debug|Any CPU
		{0BC8E4BA-ADE1-4BFE-B9B0-84A828ADC491}.Debug|ARM64.ActiveCfg = Debug|Any CPU
		{0BC8E4BA-ADE1-4BFE-B9B0-84A828ADC491}.Debug|ARM64.Build.0 = Debug|Any CPU
		{0BC8E4BA-ADE1-4BFE-B9B0-84A828ADC491}.Debug|x64.ActiveCfg = Debug|Any CPU
		{0BC8E4BA-ADE1-4BFE-B9B0-84A828ADC491}.Debug|x64.Build.0 = Debug|Any CPU
		{0BC8E4BA-ADE1-4BFE-B9B0-84A828ADC491}.Publish|Any CPU.ActiveCfg = Debug|Any CPU
		{0BC8E4BA-ADE1-4BFE-B9B0-84A828ADC491}.Publish|Any CPU.Build.0 = Debug|Any CPU
		{0BC8E4BA-ADE1-4BFE-B9B0-84A828ADC491}.Publish|ARM32.ActiveCfg = Debug|Any CPU
		{0BC8E4BA-ADE1-4BFE-B9B0-84A828ADC491}.Publish|ARM32.Build.0 = Debug|Any CPU
		{0BC8E4BA-ADE1-4BFE-B9B0-84A828ADC491}.Publish|ARM64.ActiveCfg = Debug|Any CPU
		{0BC8E4BA-ADE1-4BFE-B9B0-84A828ADC491}.Publish|ARM64.Build.0 = Debug|Any CPU
		{0BC8E4BA-ADE1-4BFE-B9B0-84A828ADC491}.Publish|x64.ActiveCfg = Debug|Any CPU
		{0BC8E4BA-ADE1-4BFE-B9B0-84A828ADC491}.Publish|x64.Build.0 = Debug|Any CPU
		{0BC8E4BA-ADE1-4BFE-B9B0-84A828ADC491}.Release|Any CPU.ActiveCfg = Release|Any CPU
		{0BC8E4BA-ADE1-4BFE-B9B0-84A828ADC491}.Release|Any CPU.Build.0 = Release|Any CPU
		{0BC8E4BA-ADE1-4BFE-B9B0-84A828ADC491}.Release|ARM32.ActiveCfg = Release|Any CPU
		{0BC8E4BA-ADE1-4BFE-B9B0-84A828ADC491}.Release|ARM32.Build.0 = Release|Any CPU
		{0BC8E4BA-ADE1-4BFE-B9B0-84A828ADC491}.Release|ARM64.ActiveCfg = Release|Any CPU
		{0BC8E4BA-ADE1-4BFE-B9B0-84A828ADC491}.Release|ARM64.Build.0 = Release|Any CPU
		{0BC8E4BA-ADE1-4BFE-B9B0-84A828ADC491}.Release|x64.ActiveCfg = Release|Any CPU
		{0BC8E4BA-ADE1-4BFE-B9B0-84A828ADC491}.Release|x64.Build.0 = Release|Any CPU
		{FA885A62-FB9B-4EA7-94B8-C504A0D90132}.Debug|Any CPU.ActiveCfg = Debug|Any CPU
		{FA885A62-FB9B-4EA7-94B8-C504A0D90132}.Debug|Any CPU.Build.0 = Debug|Any CPU
		{FA885A62-FB9B-4EA7-94B8-C504A0D90132}.Debug|ARM32.ActiveCfg = Debug|Any CPU
		{FA885A62-FB9B-4EA7-94B8-C504A0D90132}.Debug|ARM32.Build.0 = Debug|Any CPU
		{FA885A62-FB9B-4EA7-94B8-C504A0D90132}.Debug|ARM64.ActiveCfg = Debug|Any CPU
		{FA885A62-FB9B-4EA7-94B8-C504A0D90132}.Debug|ARM64.Build.0 = Debug|Any CPU
		{FA885A62-FB9B-4EA7-94B8-C504A0D90132}.Debug|x64.ActiveCfg = Debug|Any CPU
		{FA885A62-FB9B-4EA7-94B8-C504A0D90132}.Debug|x64.Build.0 = Debug|Any CPU
		{FA885A62-FB9B-4EA7-94B8-C504A0D90132}.Publish|Any CPU.ActiveCfg = Debug|Any CPU
		{FA885A62-FB9B-4EA7-94B8-C504A0D90132}.Publish|Any CPU.Build.0 = Debug|Any CPU
		{FA885A62-FB9B-4EA7-94B8-C504A0D90132}.Publish|ARM32.ActiveCfg = Debug|Any CPU
		{FA885A62-FB9B-4EA7-94B8-C504A0D90132}.Publish|ARM32.Build.0 = Debug|Any CPU
		{FA885A62-FB9B-4EA7-94B8-C504A0D90132}.Publish|ARM64.ActiveCfg = Debug|Any CPU
		{FA885A62-FB9B-4EA7-94B8-C504A0D90132}.Publish|ARM64.Build.0 = Debug|Any CPU
		{FA885A62-FB9B-4EA7-94B8-C504A0D90132}.Publish|x64.ActiveCfg = Debug|Any CPU
		{FA885A62-FB9B-4EA7-94B8-C504A0D90132}.Publish|x64.Build.0 = Debug|Any CPU
		{FA885A62-FB9B-4EA7-94B8-C504A0D90132}.Release|Any CPU.ActiveCfg = Release|Any CPU
		{FA885A62-FB9B-4EA7-94B8-C504A0D90132}.Release|Any CPU.Build.0 = Release|Any CPU
		{FA885A62-FB9B-4EA7-94B8-C504A0D90132}.Release|ARM32.ActiveCfg = Release|Any CPU
		{FA885A62-FB9B-4EA7-94B8-C504A0D90132}.Release|ARM32.Build.0 = Release|Any CPU
		{FA885A62-FB9B-4EA7-94B8-C504A0D90132}.Release|ARM64.ActiveCfg = Release|Any CPU
		{FA885A62-FB9B-4EA7-94B8-C504A0D90132}.Release|ARM64.Build.0 = Release|Any CPU
		{FA885A62-FB9B-4EA7-94B8-C504A0D90132}.Release|x64.ActiveCfg = Release|Any CPU
		{FA885A62-FB9B-4EA7-94B8-C504A0D90132}.Release|x64.Build.0 = Release|Any CPU
		{8970F312-3D04-4E53-9229-6256ADCC4836}.Debug|Any CPU.ActiveCfg = Debug|Any CPU
		{8970F312-3D04-4E53-9229-6256ADCC4836}.Debug|Any CPU.Build.0 = Debug|Any CPU
		{8970F312-3D04-4E53-9229-6256ADCC4836}.Debug|ARM32.ActiveCfg = Debug|Any CPU
		{8970F312-3D04-4E53-9229-6256ADCC4836}.Debug|ARM32.Build.0 = Debug|Any CPU
		{8970F312-3D04-4E53-9229-6256ADCC4836}.Debug|ARM64.ActiveCfg = Debug|Any CPU
		{8970F312-3D04-4E53-9229-6256ADCC4836}.Debug|ARM64.Build.0 = Debug|Any CPU
		{8970F312-3D04-4E53-9229-6256ADCC4836}.Debug|x64.ActiveCfg = Debug|Any CPU
		{8970F312-3D04-4E53-9229-6256ADCC4836}.Debug|x64.Build.0 = Debug|Any CPU
		{8970F312-3D04-4E53-9229-6256ADCC4836}.Publish|Any CPU.ActiveCfg = Debug|Any CPU
		{8970F312-3D04-4E53-9229-6256ADCC4836}.Publish|Any CPU.Build.0 = Debug|Any CPU
		{8970F312-3D04-4E53-9229-6256ADCC4836}.Publish|ARM32.ActiveCfg = Debug|Any CPU
		{8970F312-3D04-4E53-9229-6256ADCC4836}.Publish|ARM32.Build.0 = Debug|Any CPU
		{8970F312-3D04-4E53-9229-6256ADCC4836}.Publish|ARM64.ActiveCfg = Debug|Any CPU
		{8970F312-3D04-4E53-9229-6256ADCC4836}.Publish|ARM64.Build.0 = Debug|Any CPU
		{8970F312-3D04-4E53-9229-6256ADCC4836}.Publish|x64.ActiveCfg = Debug|Any CPU
		{8970F312-3D04-4E53-9229-6256ADCC4836}.Publish|x64.Build.0 = Debug|Any CPU
		{8970F312-3D04-4E53-9229-6256ADCC4836}.Release|Any CPU.ActiveCfg = Release|Any CPU
		{8970F312-3D04-4E53-9229-6256ADCC4836}.Release|Any CPU.Build.0 = Release|Any CPU
		{8970F312-3D04-4E53-9229-6256ADCC4836}.Release|ARM32.ActiveCfg = Release|Any CPU
		{8970F312-3D04-4E53-9229-6256ADCC4836}.Release|ARM32.Build.0 = Release|Any CPU
		{8970F312-3D04-4E53-9229-6256ADCC4836}.Release|ARM64.ActiveCfg = Release|Any CPU
		{8970F312-3D04-4E53-9229-6256ADCC4836}.Release|ARM64.Build.0 = Release|Any CPU
		{8970F312-3D04-4E53-9229-6256ADCC4836}.Release|x64.ActiveCfg = Release|Any CPU
		{8970F312-3D04-4E53-9229-6256ADCC4836}.Release|x64.Build.0 = Release|Any CPU
		{783124A9-BC89-42FC-B755-A9FA3CA4CD6B}.Debug|Any CPU.ActiveCfg = Debug|Any CPU
		{783124A9-BC89-42FC-B755-A9FA3CA4CD6B}.Debug|Any CPU.Build.0 = Debug|Any CPU
		{783124A9-BC89-42FC-B755-A9FA3CA4CD6B}.Debug|ARM32.ActiveCfg = Debug|Any CPU
		{783124A9-BC89-42FC-B755-A9FA3CA4CD6B}.Debug|ARM32.Build.0 = Debug|Any CPU
		{783124A9-BC89-42FC-B755-A9FA3CA4CD6B}.Debug|ARM64.ActiveCfg = Debug|Any CPU
		{783124A9-BC89-42FC-B755-A9FA3CA4CD6B}.Debug|ARM64.Build.0 = Debug|Any CPU
		{783124A9-BC89-42FC-B755-A9FA3CA4CD6B}.Debug|x64.ActiveCfg = Debug|Any CPU
		{783124A9-BC89-42FC-B755-A9FA3CA4CD6B}.Debug|x64.Build.0 = Debug|Any CPU
		{783124A9-BC89-42FC-B755-A9FA3CA4CD6B}.Publish|Any CPU.ActiveCfg = Debug|Any CPU
		{783124A9-BC89-42FC-B755-A9FA3CA4CD6B}.Publish|Any CPU.Build.0 = Debug|Any CPU
		{783124A9-BC89-42FC-B755-A9FA3CA4CD6B}.Publish|ARM32.ActiveCfg = Debug|Any CPU
		{783124A9-BC89-42FC-B755-A9FA3CA4CD6B}.Publish|ARM32.Build.0 = Debug|Any CPU
		{783124A9-BC89-42FC-B755-A9FA3CA4CD6B}.Publish|ARM64.ActiveCfg = Debug|Any CPU
		{783124A9-BC89-42FC-B755-A9FA3CA4CD6B}.Publish|ARM64.Build.0 = Debug|Any CPU
		{783124A9-BC89-42FC-B755-A9FA3CA4CD6B}.Publish|x64.ActiveCfg = Debug|Any CPU
		{783124A9-BC89-42FC-B755-A9FA3CA4CD6B}.Publish|x64.Build.0 = Debug|Any CPU
		{783124A9-BC89-42FC-B755-A9FA3CA4CD6B}.Release|Any CPU.ActiveCfg = Release|Any CPU
		{783124A9-BC89-42FC-B755-A9FA3CA4CD6B}.Release|Any CPU.Build.0 = Release|Any CPU
		{783124A9-BC89-42FC-B755-A9FA3CA4CD6B}.Release|ARM32.ActiveCfg = Release|Any CPU
		{783124A9-BC89-42FC-B755-A9FA3CA4CD6B}.Release|ARM32.Build.0 = Release|Any CPU
		{783124A9-BC89-42FC-B755-A9FA3CA4CD6B}.Release|ARM64.ActiveCfg = Release|Any CPU
		{783124A9-BC89-42FC-B755-A9FA3CA4CD6B}.Release|ARM64.Build.0 = Release|Any CPU
		{783124A9-BC89-42FC-B755-A9FA3CA4CD6B}.Release|x64.ActiveCfg = Release|Any CPU
		{783124A9-BC89-42FC-B755-A9FA3CA4CD6B}.Release|x64.Build.0 = Release|Any CPU
		{F157D101-AFAC-4CC8-817B-14FD63F224BE}.Debug|Any CPU.ActiveCfg = Debug|Any CPU
		{F157D101-AFAC-4CC8-817B-14FD63F224BE}.Debug|Any CPU.Build.0 = Debug|Any CPU
		{F157D101-AFAC-4CC8-817B-14FD63F224BE}.Debug|ARM32.ActiveCfg = Debug|Any CPU
		{F157D101-AFAC-4CC8-817B-14FD63F224BE}.Debug|ARM32.Build.0 = Debug|Any CPU
		{F157D101-AFAC-4CC8-817B-14FD63F224BE}.Debug|ARM64.ActiveCfg = Debug|Any CPU
		{F157D101-AFAC-4CC8-817B-14FD63F224BE}.Debug|ARM64.Build.0 = Debug|Any CPU
		{F157D101-AFAC-4CC8-817B-14FD63F224BE}.Debug|x64.ActiveCfg = Debug|Any CPU
		{F157D101-AFAC-4CC8-817B-14FD63F224BE}.Debug|x64.Build.0 = Debug|Any CPU
		{F157D101-AFAC-4CC8-817B-14FD63F224BE}.Publish|Any CPU.ActiveCfg = Debug|Any CPU
		{F157D101-AFAC-4CC8-817B-14FD63F224BE}.Publish|Any CPU.Build.0 = Debug|Any CPU
		{F157D101-AFAC-4CC8-817B-14FD63F224BE}.Publish|ARM32.ActiveCfg = Debug|Any CPU
		{F157D101-AFAC-4CC8-817B-14FD63F224BE}.Publish|ARM32.Build.0 = Debug|Any CPU
		{F157D101-AFAC-4CC8-817B-14FD63F224BE}.Publish|ARM64.ActiveCfg = Debug|Any CPU
		{F157D101-AFAC-4CC8-817B-14FD63F224BE}.Publish|ARM64.Build.0 = Debug|Any CPU
		{F157D101-AFAC-4CC8-817B-14FD63F224BE}.Publish|x64.ActiveCfg = Debug|Any CPU
		{F157D101-AFAC-4CC8-817B-14FD63F224BE}.Publish|x64.Build.0 = Debug|Any CPU
		{F157D101-AFAC-4CC8-817B-14FD63F224BE}.Release|Any CPU.ActiveCfg = Release|Any CPU
		{F157D101-AFAC-4CC8-817B-14FD63F224BE}.Release|Any CPU.Build.0 = Release|Any CPU
		{F157D101-AFAC-4CC8-817B-14FD63F224BE}.Release|ARM32.ActiveCfg = Release|Any CPU
		{F157D101-AFAC-4CC8-817B-14FD63F224BE}.Release|ARM32.Build.0 = Release|Any CPU
		{F157D101-AFAC-4CC8-817B-14FD63F224BE}.Release|ARM64.ActiveCfg = Release|Any CPU
		{F157D101-AFAC-4CC8-817B-14FD63F224BE}.Release|ARM64.Build.0 = Release|Any CPU
		{F157D101-AFAC-4CC8-817B-14FD63F224BE}.Release|x64.ActiveCfg = Release|Any CPU
		{F157D101-AFAC-4CC8-817B-14FD63F224BE}.Release|x64.Build.0 = Release|Any CPU
		{DE14F735-2D4B-4475-B500-243DFDBB4ADB}.Debug|Any CPU.ActiveCfg = Debug|Any CPU
		{DE14F735-2D4B-4475-B500-243DFDBB4ADB}.Debug|Any CPU.Build.0 = Debug|Any CPU
		{DE14F735-2D4B-4475-B500-243DFDBB4ADB}.Debug|ARM32.ActiveCfg = Debug|Any CPU
		{DE14F735-2D4B-4475-B500-243DFDBB4ADB}.Debug|ARM32.Build.0 = Debug|Any CPU
		{DE14F735-2D4B-4475-B500-243DFDBB4ADB}.Debug|ARM64.ActiveCfg = Debug|Any CPU
		{DE14F735-2D4B-4475-B500-243DFDBB4ADB}.Debug|ARM64.Build.0 = Debug|Any CPU
		{DE14F735-2D4B-4475-B500-243DFDBB4ADB}.Debug|x64.ActiveCfg = Debug|Any CPU
		{DE14F735-2D4B-4475-B500-243DFDBB4ADB}.Debug|x64.Build.0 = Debug|Any CPU
		{DE14F735-2D4B-4475-B500-243DFDBB4ADB}.Publish|Any CPU.ActiveCfg = Debug|Any CPU
		{DE14F735-2D4B-4475-B500-243DFDBB4ADB}.Publish|Any CPU.Build.0 = Debug|Any CPU
		{DE14F735-2D4B-4475-B500-243DFDBB4ADB}.Publish|ARM32.ActiveCfg = Debug|Any CPU
		{DE14F735-2D4B-4475-B500-243DFDBB4ADB}.Publish|ARM32.Build.0 = Debug|Any CPU
		{DE14F735-2D4B-4475-B500-243DFDBB4ADB}.Publish|ARM64.ActiveCfg = Debug|Any CPU
		{DE14F735-2D4B-4475-B500-243DFDBB4ADB}.Publish|ARM64.Build.0 = Debug|Any CPU
		{DE14F735-2D4B-4475-B500-243DFDBB4ADB}.Publish|x64.ActiveCfg = Debug|Any CPU
		{DE14F735-2D4B-4475-B500-243DFDBB4ADB}.Publish|x64.Build.0 = Debug|Any CPU
		{DE14F735-2D4B-4475-B500-243DFDBB4ADB}.Release|Any CPU.ActiveCfg = Release|Any CPU
		{DE14F735-2D4B-4475-B500-243DFDBB4ADB}.Release|Any CPU.Build.0 = Release|Any CPU
		{DE14F735-2D4B-4475-B500-243DFDBB4ADB}.Release|ARM32.ActiveCfg = Release|Any CPU
		{DE14F735-2D4B-4475-B500-243DFDBB4ADB}.Release|ARM32.Build.0 = Release|Any CPU
		{DE14F735-2D4B-4475-B500-243DFDBB4ADB}.Release|ARM64.ActiveCfg = Release|Any CPU
		{DE14F735-2D4B-4475-B500-243DFDBB4ADB}.Release|ARM64.Build.0 = Release|Any CPU
		{DE14F735-2D4B-4475-B500-243DFDBB4ADB}.Release|x64.ActiveCfg = Release|Any CPU
		{DE14F735-2D4B-4475-B500-243DFDBB4ADB}.Release|x64.Build.0 = Release|Any CPU
		{AF792474-ADC6-4E66-B511-6759D70C6FC7}.Debug|Any CPU.ActiveCfg = Debug|Any CPU
		{AF792474-ADC6-4E66-B511-6759D70C6FC7}.Debug|Any CPU.Build.0 = Debug|Any CPU
		{AF792474-ADC6-4E66-B511-6759D70C6FC7}.Debug|ARM32.ActiveCfg = Debug|Any CPU
		{AF792474-ADC6-4E66-B511-6759D70C6FC7}.Debug|ARM32.Build.0 = Debug|Any CPU
		{AF792474-ADC6-4E66-B511-6759D70C6FC7}.Debug|ARM64.ActiveCfg = Debug|Any CPU
		{AF792474-ADC6-4E66-B511-6759D70C6FC7}.Debug|ARM64.Build.0 = Debug|Any CPU
		{AF792474-ADC6-4E66-B511-6759D70C6FC7}.Debug|x64.ActiveCfg = Debug|Any CPU
		{AF792474-ADC6-4E66-B511-6759D70C6FC7}.Debug|x64.Build.0 = Debug|Any CPU
		{AF792474-ADC6-4E66-B511-6759D70C6FC7}.Publish|Any CPU.ActiveCfg = Debug|Any CPU
		{AF792474-ADC6-4E66-B511-6759D70C6FC7}.Publish|Any CPU.Build.0 = Debug|Any CPU
		{AF792474-ADC6-4E66-B511-6759D70C6FC7}.Publish|ARM32.ActiveCfg = Debug|Any CPU
		{AF792474-ADC6-4E66-B511-6759D70C6FC7}.Publish|ARM32.Build.0 = Debug|Any CPU
		{AF792474-ADC6-4E66-B511-6759D70C6FC7}.Publish|ARM64.ActiveCfg = Debug|Any CPU
		{AF792474-ADC6-4E66-B511-6759D70C6FC7}.Publish|ARM64.Build.0 = Debug|Any CPU
		{AF792474-ADC6-4E66-B511-6759D70C6FC7}.Publish|x64.ActiveCfg = Debug|Any CPU
		{AF792474-ADC6-4E66-B511-6759D70C6FC7}.Publish|x64.Build.0 = Debug|Any CPU
		{AF792474-ADC6-4E66-B511-6759D70C6FC7}.Release|Any CPU.ActiveCfg = Release|Any CPU
		{AF792474-ADC6-4E66-B511-6759D70C6FC7}.Release|Any CPU.Build.0 = Release|Any CPU
		{AF792474-ADC6-4E66-B511-6759D70C6FC7}.Release|ARM32.ActiveCfg = Release|Any CPU
		{AF792474-ADC6-4E66-B511-6759D70C6FC7}.Release|ARM32.Build.0 = Release|Any CPU
		{AF792474-ADC6-4E66-B511-6759D70C6FC7}.Release|ARM64.ActiveCfg = Release|Any CPU
		{AF792474-ADC6-4E66-B511-6759D70C6FC7}.Release|ARM64.Build.0 = Release|Any CPU
		{AF792474-ADC6-4E66-B511-6759D70C6FC7}.Release|x64.ActiveCfg = Release|Any CPU
		{AF792474-ADC6-4E66-B511-6759D70C6FC7}.Release|x64.Build.0 = Release|Any CPU
		{2F893814-E068-47E7-81B7-262E02F1B27C}.Debug|Any CPU.ActiveCfg = Debug|Any CPU
		{2F893814-E068-47E7-81B7-262E02F1B27C}.Debug|Any CPU.Build.0 = Debug|Any CPU
		{2F893814-E068-47E7-81B7-262E02F1B27C}.Debug|ARM32.ActiveCfg = Debug|Any CPU
		{2F893814-E068-47E7-81B7-262E02F1B27C}.Debug|ARM32.Build.0 = Debug|Any CPU
		{2F893814-E068-47E7-81B7-262E02F1B27C}.Debug|ARM64.ActiveCfg = Debug|Any CPU
		{2F893814-E068-47E7-81B7-262E02F1B27C}.Debug|ARM64.Build.0 = Debug|Any CPU
		{2F893814-E068-47E7-81B7-262E02F1B27C}.Debug|x64.ActiveCfg = Debug|Any CPU
		{2F893814-E068-47E7-81B7-262E02F1B27C}.Debug|x64.Build.0 = Debug|Any CPU
		{2F893814-E068-47E7-81B7-262E02F1B27C}.Publish|Any CPU.ActiveCfg = Debug|Any CPU
		{2F893814-E068-47E7-81B7-262E02F1B27C}.Publish|Any CPU.Build.0 = Debug|Any CPU
		{2F893814-E068-47E7-81B7-262E02F1B27C}.Publish|ARM32.ActiveCfg = Debug|Any CPU
		{2F893814-E068-47E7-81B7-262E02F1B27C}.Publish|ARM32.Build.0 = Debug|Any CPU
		{2F893814-E068-47E7-81B7-262E02F1B27C}.Publish|ARM64.ActiveCfg = Debug|Any CPU
		{2F893814-E068-47E7-81B7-262E02F1B27C}.Publish|ARM64.Build.0 = Debug|Any CPU
		{2F893814-E068-47E7-81B7-262E02F1B27C}.Publish|x64.ActiveCfg = Debug|Any CPU
		{2F893814-E068-47E7-81B7-262E02F1B27C}.Publish|x64.Build.0 = Debug|Any CPU
		{2F893814-E068-47E7-81B7-262E02F1B27C}.Release|Any CPU.ActiveCfg = Release|Any CPU
		{2F893814-E068-47E7-81B7-262E02F1B27C}.Release|Any CPU.Build.0 = Release|Any CPU
		{2F893814-E068-47E7-81B7-262E02F1B27C}.Release|ARM32.ActiveCfg = Release|Any CPU
		{2F893814-E068-47E7-81B7-262E02F1B27C}.Release|ARM32.Build.0 = Release|Any CPU
		{2F893814-E068-47E7-81B7-262E02F1B27C}.Release|ARM64.ActiveCfg = Release|Any CPU
		{2F893814-E068-47E7-81B7-262E02F1B27C}.Release|ARM64.Build.0 = Release|Any CPU
		{2F893814-E068-47E7-81B7-262E02F1B27C}.Release|x64.ActiveCfg = Release|Any CPU
		{2F893814-E068-47E7-81B7-262E02F1B27C}.Release|x64.Build.0 = Release|Any CPU
	EndGlobalSection
	GlobalSection(SolutionProperties) = preSolution
		HideSolutionNode = FALSE
	EndGlobalSection
	GlobalSection(ExtensibilityGlobals) = postSolution
		SolutionGuid = {1E2D1A3C-6165-406C-BC69-0F64CA319EF7}
	EndGlobalSection
EndGlobal
