
Microsoft Visual Studio Solution File, Format Version 12.00
# Visual Studio Version 17
VisualStudioVersion = 17.0.31903.59
MinimumVisualStudioVersion = 10.0.40219.1
Project("{2150E333-8FDC-42A3-9474-1A3956D46DE8}") = "BackendServices", "BackendServices", "{B9D1BB31-ED3A-4577-9879-0691BD16B171}"
EndProject
Project("{2150E333-8FDC-42A3-9474-1A3956D46DE8}") = "MiddlewareServices", "MiddlewareServices", "{03AF8EEF-E6F9-4642-A8D8-5619D4262572}"
EndProject
Project("{2150E333-8FDC-42A3-9474-1A3956D46DE8}") = "Plugins", "Plugins", "{BD14841D-553A-4699-AF7A-5E520ADF2CBE}"
EndProject
Project("{2150E333-8FDC-42A3-9474-1A3956D46DE8}") = "SpecializedServers", "SpecializedServers", "{0EC3899C-65FE-4204-AEFE-738D532CB239}"
EndProject
Project("{2150E333-8FDC-42A3-9474-1A3956D46DE8}") = "WebServers", "WebServers", "{B4C627B6-E088-4DD4-8D6E-58DFDA383277}"
EndProject
Project("{9A19103F-16F7-4668-BE54-9A1E7A4F7556}") = "GraphicalUserInterface", "GraphicalUserInterface\GraphicalUserInterface.csproj", "{238AEA09-EC02-49A8-B38C-504A5944CF9C}"
EndProject
Project("{9A19103F-16F7-4668-BE54-9A1E7A4F7556}") = "NetCoreServer", "BackendServices\NetCoreServer\NetCoreServer.csproj", "{8C0DE834-5783-48D1-9174-8C1971858E43}"
EndProject
Project("{9A19103F-16F7-4668-BE54-9A1E7A4F7556}") = "CustomLogger", "BackendServices\CustomLogger\CustomLogger.csproj", "{F0E085BA-5501-4B94-9055-E77DFC1A8C37}"
EndProject
Project("{9A19103F-16F7-4668-BE54-9A1E7A4F7556}") = "CompressionLibrary", "BackendServices\CompressionLibrary\CompressionLibrary.csproj", "{2B033404-74EB-4588-9422-5EDA13FBEB76}"
EndProject
Project("{9A19103F-16F7-4668-BE54-9A1E7A4F7556}") = "BouncyCastleMS", "BackendServices\BouncyCastleMS\BouncyCastleMS.csproj", "{E670F905-7D33-414D-A9BE-2F864C2A9B7E}"
EndProject
Project("{9A19103F-16F7-4668-BE54-9A1E7A4F7556}") = "BackendProject", "BackendServices\BackendProject\BackendProject.csproj", "{B53D413B-0642-420D-BB90-1B9CC7A13252}"
EndProject
Project("{2150E333-8FDC-42A3-9474-1A3956D46DE8}") = "AuxiliaryServices", "AuxiliaryServices", "{9E12A7AD-2DD2-483F-B8B7-12575C9C526B}"
EndProject
Project("{9A19103F-16F7-4668-BE54-9A1E7A4F7556}") = "HomeTools", "BackendServices\AuxiliaryServices\HomeTools\HomeTools.csproj", "{B4324762-BC94-4964-8D18-F6B7537BE870}"
EndProject
Project("{9A19103F-16F7-4668-BE54-9A1E7A4F7556}") = "HorizonUtils", "BackendServices\AuxiliaryServices\HorizonUtils\HorizonUtils.csproj", "{D7CC857D-D643-455F-9030-6414C4C8C3B0}"
EndProject
Project("{9A19103F-16F7-4668-BE54-9A1E7A4F7556}") = "WebUtils", "BackendServices\AuxiliaryServices\WebUtils\WebUtils.csproj", "{F19A3982-3166-4EBC-8B9E-8C0EAC4D7115}"
EndProject
Project("{9A19103F-16F7-4668-BE54-9A1E7A4F7556}") = "Horizon", "SpecializedServers\Horizon\Horizon.csproj", "{BB54630A-4058-440B-8291-850398FBE6C8}"
EndProject
Project("{9A19103F-16F7-4668-BE54-9A1E7A4F7556}") = "MultiSocks", "SpecializedServers\MultiSocks\MultiSocks.csproj", "{662197F8-C5DC-4B71-B9A6-76C262D0372B}"
EndProject
Project("{9A19103F-16F7-4668-BE54-9A1E7A4F7556}") = "QuazalServer", "SpecializedServers\QuazalServer\QuazalServer.csproj", "{F36DEB6D-BA3F-40AA-AD85-054C4A8C979E}"
EndProject
Project("{9A19103F-16F7-4668-BE54-9A1E7A4F7556}") = "SSFWServer", "SpecializedServers\SSFWServer\SSFWServer.csproj", "{226EC8CA-44EA-460D-8408-BBB158A5ED9A}"
EndProject
Project("{9A19103F-16F7-4668-BE54-9A1E7A4F7556}") = "SVO", "SpecializedServers\SVO\SVO.csproj", "{449484EE-BAE2-4FFB-BADF-4E2C2FBC388A}"
EndProject
Project("{9A19103F-16F7-4668-BE54-9A1E7A4F7556}") = "TycoonServer", "SpecializedServers\TycoonServer\TycoonServer.csproj", "{E369F36B-2A99-4A86-8C40-40CC74005322}"
EndProject
Project("{9A19103F-16F7-4668-BE54-9A1E7A4F7556}") = "HTTPSecureServerLite", "WebServers\HTTPSecureServerLite\HTTPSecureServerLite.csproj", "{A8B39629-7487-465D-9C9B-18186E84ED89}"
EndProject
Project("{9A19103F-16F7-4668-BE54-9A1E7A4F7556}") = "HTTPServer", "WebServers\HTTPServer\HTTPServer.csproj", "{7A561FFB-649E-4244-A96A-D7ABE73192A6}"
EndProject
Project("{9A19103F-16F7-4668-BE54-9A1E7A4F7556}") = "MitmDNS", "WebServers\MitmDNS\MitmDNS.csproj", "{E4F01FDE-2193-4FD0-91FA-C6FC5D86B297}"
EndProject
Project("{9A19103F-16F7-4668-BE54-9A1E7A4F7556}") = "PSHostsFile", "BackendServices\PSHostsFile\PSHostsFile.csproj", "{93FB51DD-9FCE-442E-AB86-85AB0EAC0F98}"
EndProject
Project("{9A19103F-16F7-4668-BE54-9A1E7A4F7556}") = "DatabaseMiddleware", "MiddlewareServices\DatabaseMiddleware\DatabaseMiddleware.csproj", "{903AB922-F416-4318-9BDF-1A9E860549FC}"
EndProject
Project("{9A19103F-16F7-4668-BE54-9A1E7A4F7556}") = "NautilusXP2024", "Plugins\NautilusXP2024\NautilusXP2024.csproj", "{7ED1107E-7E6C-4132-9CC9-A81EB18C6FDF}"
EndProject
Global
	GlobalSection(SolutionConfigurationPlatforms) = preSolution
		Debug|Any CPU = Debug|Any CPU
		Release|Any CPU = Release|Any CPU
	EndGlobalSection
	GlobalSection(ProjectConfigurationPlatforms) = postSolution
		{238AEA09-EC02-49A8-B38C-504A5944CF9C}.Debug|Any CPU.ActiveCfg = Debug|Any CPU
		{238AEA09-EC02-49A8-B38C-504A5944CF9C}.Debug|Any CPU.Build.0 = Debug|Any CPU
		{238AEA09-EC02-49A8-B38C-504A5944CF9C}.Release|Any CPU.ActiveCfg = Release|Any CPU
		{238AEA09-EC02-49A8-B38C-504A5944CF9C}.Release|Any CPU.Build.0 = Release|Any CPU
		{8C0DE834-5783-48D1-9174-8C1971858E43}.Debug|Any CPU.ActiveCfg = Debug|Any CPU
		{8C0DE834-5783-48D1-9174-8C1971858E43}.Debug|Any CPU.Build.0 = Debug|Any CPU
		{8C0DE834-5783-48D1-9174-8C1971858E43}.Release|Any CPU.ActiveCfg = Release|Any CPU
		{8C0DE834-5783-48D1-9174-8C1971858E43}.Release|Any CPU.Build.0 = Release|Any CPU
		{F0E085BA-5501-4B94-9055-E77DFC1A8C37}.Debug|Any CPU.ActiveCfg = Debug|Any CPU
		{F0E085BA-5501-4B94-9055-E77DFC1A8C37}.Debug|Any CPU.Build.0 = Debug|Any CPU
		{F0E085BA-5501-4B94-9055-E77DFC1A8C37}.Release|Any CPU.ActiveCfg = Release|Any CPU
		{F0E085BA-5501-4B94-9055-E77DFC1A8C37}.Release|Any CPU.Build.0 = Release|Any CPU
		{2B033404-74EB-4588-9422-5EDA13FBEB76}.Debug|Any CPU.ActiveCfg = Debug|Any CPU
		{2B033404-74EB-4588-9422-5EDA13FBEB76}.Debug|Any CPU.Build.0 = Debug|Any CPU
		{2B033404-74EB-4588-9422-5EDA13FBEB76}.Release|Any CPU.ActiveCfg = Release|Any CPU
		{2B033404-74EB-4588-9422-5EDA13FBEB76}.Release|Any CPU.Build.0 = Release|Any CPU
		{E670F905-7D33-414D-A9BE-2F864C2A9B7E}.Debug|Any CPU.ActiveCfg = Debug|Any CPU
		{E670F905-7D33-414D-A9BE-2F864C2A9B7E}.Debug|Any CPU.Build.0 = Debug|Any CPU
		{E670F905-7D33-414D-A9BE-2F864C2A9B7E}.Release|Any CPU.ActiveCfg = Release|Any CPU
		{E670F905-7D33-414D-A9BE-2F864C2A9B7E}.Release|Any CPU.Build.0 = Release|Any CPU
		{B53D413B-0642-420D-BB90-1B9CC7A13252}.Debug|Any CPU.ActiveCfg = Debug|Any CPU
		{B53D413B-0642-420D-BB90-1B9CC7A13252}.Debug|Any CPU.Build.0 = Debug|Any CPU
		{B53D413B-0642-420D-BB90-1B9CC7A13252}.Release|Any CPU.ActiveCfg = Release|Any CPU
		{B53D413B-0642-420D-BB90-1B9CC7A13252}.Release|Any CPU.Build.0 = Release|Any CPU
		{B4324762-BC94-4964-8D18-F6B7537BE870}.Debug|Any CPU.ActiveCfg = Debug|Any CPU
		{B4324762-BC94-4964-8D18-F6B7537BE870}.Debug|Any CPU.Build.0 = Debug|Any CPU
		{B4324762-BC94-4964-8D18-F6B7537BE870}.Release|Any CPU.ActiveCfg = Release|Any CPU
		{B4324762-BC94-4964-8D18-F6B7537BE870}.Release|Any CPU.Build.0 = Release|Any CPU
		{D7CC857D-D643-455F-9030-6414C4C8C3B0}.Debug|Any CPU.ActiveCfg = Debug|Any CPU
		{D7CC857D-D643-455F-9030-6414C4C8C3B0}.Debug|Any CPU.Build.0 = Debug|Any CPU
		{D7CC857D-D643-455F-9030-6414C4C8C3B0}.Release|Any CPU.ActiveCfg = Release|Any CPU
		{D7CC857D-D643-455F-9030-6414C4C8C3B0}.Release|Any CPU.Build.0 = Release|Any CPU
		{F19A3982-3166-4EBC-8B9E-8C0EAC4D7115}.Debug|Any CPU.ActiveCfg = Debug|Any CPU
		{F19A3982-3166-4EBC-8B9E-8C0EAC4D7115}.Debug|Any CPU.Build.0 = Debug|Any CPU
		{F19A3982-3166-4EBC-8B9E-8C0EAC4D7115}.Release|Any CPU.ActiveCfg = Release|Any CPU
		{F19A3982-3166-4EBC-8B9E-8C0EAC4D7115}.Release|Any CPU.Build.0 = Release|Any CPU
		{BB54630A-4058-440B-8291-850398FBE6C8}.Debug|Any CPU.ActiveCfg = Debug|Any CPU
		{BB54630A-4058-440B-8291-850398FBE6C8}.Debug|Any CPU.Build.0 = Debug|Any CPU
		{BB54630A-4058-440B-8291-850398FBE6C8}.Release|Any CPU.ActiveCfg = Release|Any CPU
		{BB54630A-4058-440B-8291-850398FBE6C8}.Release|Any CPU.Build.0 = Release|Any CPU
		{662197F8-C5DC-4B71-B9A6-76C262D0372B}.Debug|Any CPU.ActiveCfg = Debug|Any CPU
		{662197F8-C5DC-4B71-B9A6-76C262D0372B}.Debug|Any CPU.Build.0 = Debug|Any CPU
		{662197F8-C5DC-4B71-B9A6-76C262D0372B}.Release|Any CPU.ActiveCfg = Release|Any CPU
		{662197F8-C5DC-4B71-B9A6-76C262D0372B}.Release|Any CPU.Build.0 = Release|Any CPU
		{F36DEB6D-BA3F-40AA-AD85-054C4A8C979E}.Debug|Any CPU.ActiveCfg = Debug|Any CPU
		{F36DEB6D-BA3F-40AA-AD85-054C4A8C979E}.Debug|Any CPU.Build.0 = Debug|Any CPU
		{F36DEB6D-BA3F-40AA-AD85-054C4A8C979E}.Release|Any CPU.ActiveCfg = Release|Any CPU
		{F36DEB6D-BA3F-40AA-AD85-054C4A8C979E}.Release|Any CPU.Build.0 = Release|Any CPU
		{226EC8CA-44EA-460D-8408-BBB158A5ED9A}.Debug|Any CPU.ActiveCfg = Debug|Any CPU
		{226EC8CA-44EA-460D-8408-BBB158A5ED9A}.Debug|Any CPU.Build.0 = Debug|Any CPU
		{226EC8CA-44EA-460D-8408-BBB158A5ED9A}.Release|Any CPU.ActiveCfg = Release|Any CPU
		{226EC8CA-44EA-460D-8408-BBB158A5ED9A}.Release|Any CPU.Build.0 = Release|Any CPU
		{449484EE-BAE2-4FFB-BADF-4E2C2FBC388A}.Debug|Any CPU.ActiveCfg = Debug|Any CPU
		{449484EE-BAE2-4FFB-BADF-4E2C2FBC388A}.Debug|Any CPU.Build.0 = Debug|Any CPU
		{449484EE-BAE2-4FFB-BADF-4E2C2FBC388A}.Release|Any CPU.ActiveCfg = Release|Any CPU
		{449484EE-BAE2-4FFB-BADF-4E2C2FBC388A}.Release|Any CPU.Build.0 = Release|Any CPU
		{E369F36B-2A99-4A86-8C40-40CC74005322}.Debug|Any CPU.ActiveCfg = Debug|Any CPU
		{E369F36B-2A99-4A86-8C40-40CC74005322}.Debug|Any CPU.Build.0 = Debug|Any CPU
		{E369F36B-2A99-4A86-8C40-40CC74005322}.Release|Any CPU.ActiveCfg = Release|Any CPU
		{E369F36B-2A99-4A86-8C40-40CC74005322}.Release|Any CPU.Build.0 = Release|Any CPU
		{A8B39629-7487-465D-9C9B-18186E84ED89}.Debug|Any CPU.ActiveCfg = Debug|Any CPU
		{A8B39629-7487-465D-9C9B-18186E84ED89}.Debug|Any CPU.Build.0 = Debug|Any CPU
		{A8B39629-7487-465D-9C9B-18186E84ED89}.Release|Any CPU.ActiveCfg = Release|Any CPU
		{A8B39629-7487-465D-9C9B-18186E84ED89}.Release|Any CPU.Build.0 = Release|Any CPU
		{7A561FFB-649E-4244-A96A-D7ABE73192A6}.Debug|Any CPU.ActiveCfg = Debug|Any CPU
		{7A561FFB-649E-4244-A96A-D7ABE73192A6}.Debug|Any CPU.Build.0 = Debug|Any CPU
		{7A561FFB-649E-4244-A96A-D7ABE73192A6}.Release|Any CPU.ActiveCfg = Release|Any CPU
		{7A561FFB-649E-4244-A96A-D7ABE73192A6}.Release|Any CPU.Build.0 = Release|Any CPU
		{E4F01FDE-2193-4FD0-91FA-C6FC5D86B297}.Debug|Any CPU.ActiveCfg = Debug|Any CPU
		{E4F01FDE-2193-4FD0-91FA-C6FC5D86B297}.Debug|Any CPU.Build.0 = Debug|Any CPU
		{E4F01FDE-2193-4FD0-91FA-C6FC5D86B297}.Release|Any CPU.ActiveCfg = Release|Any CPU
		{E4F01FDE-2193-4FD0-91FA-C6FC5D86B297}.Release|Any CPU.Build.0 = Release|Any CPU
		{93FB51DD-9FCE-442E-AB86-85AB0EAC0F98}.Debug|Any CPU.ActiveCfg = Debug|Any CPU
		{93FB51DD-9FCE-442E-AB86-85AB0EAC0F98}.Debug|Any CPU.Build.0 = Debug|Any CPU
		{93FB51DD-9FCE-442E-AB86-85AB0EAC0F98}.Release|Any CPU.ActiveCfg = Release|Any CPU
		{93FB51DD-9FCE-442E-AB86-85AB0EAC0F98}.Release|Any CPU.Build.0 = Release|Any CPU
		{903AB922-F416-4318-9BDF-1A9E860549FC}.Debug|Any CPU.ActiveCfg = Debug|Any CPU
		{903AB922-F416-4318-9BDF-1A9E860549FC}.Debug|Any CPU.Build.0 = Debug|Any CPU
		{903AB922-F416-4318-9BDF-1A9E860549FC}.Release|Any CPU.ActiveCfg = Release|Any CPU
		{903AB922-F416-4318-9BDF-1A9E860549FC}.Release|Any CPU.Build.0 = Release|Any CPU
		{7ED1107E-7E6C-4132-9CC9-A81EB18C6FDF}.Debug|Any CPU.ActiveCfg = Debug|Any CPU
		{7ED1107E-7E6C-4132-9CC9-A81EB18C6FDF}.Debug|Any CPU.Build.0 = Debug|Any CPU
		{7ED1107E-7E6C-4132-9CC9-A81EB18C6FDF}.Release|Any CPU.ActiveCfg = Release|Any CPU
		{7ED1107E-7E6C-4132-9CC9-A81EB18C6FDF}.Release|Any CPU.Build.0 = Release|Any CPU
	EndGlobalSection
	GlobalSection(SolutionProperties) = preSolution
		HideSolutionNode = FALSE
	EndGlobalSection
	GlobalSection(NestedProjects) = preSolution
		{8C0DE834-5783-48D1-9174-8C1971858E43} = {B9D1BB31-ED3A-4577-9879-0691BD16B171}
		{F0E085BA-5501-4B94-9055-E77DFC1A8C37} = {B9D1BB31-ED3A-4577-9879-0691BD16B171}
		{2B033404-74EB-4588-9422-5EDA13FBEB76} = {B9D1BB31-ED3A-4577-9879-0691BD16B171}
		{E670F905-7D33-414D-A9BE-2F864C2A9B7E} = {B9D1BB31-ED3A-4577-9879-0691BD16B171}
		{B53D413B-0642-420D-BB90-1B9CC7A13252} = {B9D1BB31-ED3A-4577-9879-0691BD16B171}
		{9E12A7AD-2DD2-483F-B8B7-12575C9C526B} = {B9D1BB31-ED3A-4577-9879-0691BD16B171}
		{B4324762-BC94-4964-8D18-F6B7537BE870} = {9E12A7AD-2DD2-483F-B8B7-12575C9C526B}
		{D7CC857D-D643-455F-9030-6414C4C8C3B0} = {9E12A7AD-2DD2-483F-B8B7-12575C9C526B}
		{F19A3982-3166-4EBC-8B9E-8C0EAC4D7115} = {9E12A7AD-2DD2-483F-B8B7-12575C9C526B}
		{BB54630A-4058-440B-8291-850398FBE6C8} = {0EC3899C-65FE-4204-AEFE-738D532CB239}
		{662197F8-C5DC-4B71-B9A6-76C262D0372B} = {0EC3899C-65FE-4204-AEFE-738D532CB239}
		{F36DEB6D-BA3F-40AA-AD85-054C4A8C979E} = {0EC3899C-65FE-4204-AEFE-738D532CB239}
		{226EC8CA-44EA-460D-8408-BBB158A5ED9A} = {0EC3899C-65FE-4204-AEFE-738D532CB239}
		{449484EE-BAE2-4FFB-BADF-4E2C2FBC388A} = {0EC3899C-65FE-4204-AEFE-738D532CB239}
		{E369F36B-2A99-4A86-8C40-40CC74005322} = {0EC3899C-65FE-4204-AEFE-738D532CB239}
		{A8B39629-7487-465D-9C9B-18186E84ED89} = {B4C627B6-E088-4DD4-8D6E-58DFDA383277}
		{7A561FFB-649E-4244-A96A-D7ABE73192A6} = {B4C627B6-E088-4DD4-8D6E-58DFDA383277}
		{E4F01FDE-2193-4FD0-91FA-C6FC5D86B297} = {B4C627B6-E088-4DD4-8D6E-58DFDA383277}
		{93FB51DD-9FCE-442E-AB86-85AB0EAC0F98} = {B9D1BB31-ED3A-4577-9879-0691BD16B171}
		{903AB922-F416-4318-9BDF-1A9E860549FC} = {03AF8EEF-E6F9-4642-A8D8-5619D4262572}
		{7ED1107E-7E6C-4132-9CC9-A81EB18C6FDF} = {BD14841D-553A-4699-AF7A-5E520ADF2CBE}
	EndGlobalSection
	GlobalSection(ExtensibilityGlobals) = postSolution
		SolutionGuid = {CF5FB456-FEE4-4300-9273-869AD97A9A0B}
	EndGlobalSection
EndGlobal
