
Microsoft Visual Studio Solution File, Format Version 12.00
# Visual Studio Version 17
VisualStudioVersion = 17.0.31903.59
MinimumVisualStudioVersion = 10.0.40219.1
Project("{2150E333-8FDC-42A3-9474-1A3956D46DE8}") = "BackendServices", "BackendServices", "{B9D1BB31-ED3A-4577-9879-0691BD16B171}"
EndProject
Project("{2150E333-8FDC-42A3-9474-1A3956D46DE8}") = "AuxiliaryServices", "AuxiliaryServices", "{9E12A7AD-2DD2-483F-B8B7-12575C9C526B}"
EndProject
Project("{2150E333-8FDC-42A3-9474-1A3956D46DE8}") = "BlazeSDK", "BlazeSDK", "{A0187BA3-02AA-46D2-A8C4-CABAFDCF7E64}"
EndProject
Project("{2150E333-8FDC-42A3-9474-1A3956D46DE8}") = "Plugins", "Plugins", "{BD14841D-553A-4699-AF7A-5E520ADF2CBE}"
EndProject
Project("{2150E333-8FDC-42A3-9474-1A3956D46DE8}") = "SpecializedServers", "SpecializedServers", "{0EC3899C-65FE-4204-AEFE-738D532CB239}"
EndProject
Project("{2150E333-8FDC-42A3-9474-1A3956D46DE8}") = "WebServers", "WebServers", "{B4C627B6-E088-4DD4-8D6E-58DFDA383277}"
EndProject
Project("{2150E333-8FDC-42A3-9474-1A3956D46DE8}") = "Tools", "Tools", "{6727D22F-EEAB-4AC0-ADC6-62333B3AE08F}"
EndProject
Project("{2150E333-8FDC-42A3-9474-1A3956D46DE8}") = "Home", "Home", "{1F30F82C-B727-4A40-82D4-A3B57665650B}"
EndProject
Project("{2150E333-8FDC-42A3-9474-1A3956D46DE8}") = "HTTP", "HTTP", "{75993051-E3F1-443F-BC9B-FDCA84E3A23D}"
EndProject
Project("{9A19103F-16F7-4668-BE54-9A1E7A4F7556}") = "CustomLogger", "BackendServices\CustomLogger\CustomLogger.csproj", "{F0E085BA-5501-4B94-9055-E77DFC1A8C37}"
EndProject
Project("{9A19103F-16F7-4668-BE54-9A1E7A4F7556}") = "EndianTools", "BackendServices\EndianTools\EndianTools.csproj", "{6C02C9E8-3D82-4999-8784-4079BEB8CD22}"
EndProject
Project("{9A19103F-16F7-4668-BE54-9A1E7A4F7556}") = "CastleLibrary", "BackendServices\CastleLibrary\CastleLibrary.csproj", "{4E0338AF-8F06-4CDF-B449-81CB70A9BE80}"
EndProject
Project("{9A19103F-16F7-4668-BE54-9A1E7A4F7556}") = "CompressionLibrary", "BackendServices\CompressionLibrary\CompressionLibrary.csproj", "{2B033404-74EB-4588-9422-5EDA13FBEB76}"
EndProject
Project("{9A19103F-16F7-4668-BE54-9A1E7A4F7556}") = "NetworkLibrary", "BackendServices\NetworkLibrary\NetworkLibrary.csproj", "{31077DA5-92AD-42D5-88BF-48409CF4309B}"
EndProject
Project("{9A19103F-16F7-4668-BE54-9A1E7A4F7556}") = "SpaceWizards.HttpListener", "BackendServices\SpaceWizards.HttpListener\SpaceWizards.HttpListener.csproj", "{A78BDDE7-4116-472A-8DA5-7074CAC5805C}"
EndProject
Project("{9A19103F-16F7-4668-BE54-9A1E7A4F7556}") = "TechnitiumLibrary.Net.Firewall", "BackendServices\TechnitiumLibrary.Net.Firewall\TechnitiumLibrary.Net.Firewall.csproj", "{01AF4373-8906-480C-AD9A-1A3001BEFAB1}"
EndProject
Project("{9A19103F-16F7-4668-BE54-9A1E7A4F7556}") = "NetCoreServer", "BackendServices\NetCoreServer\NetCoreServer.csproj", "{469C294D-258C-4CAF-88BB-B33893DA23A5}"
EndProject
Project("{9A19103F-16F7-4668-BE54-9A1E7A4F7556}") = "WatsonWebserver", "BackendServices\WatsonWebserver\WatsonWebserver.csproj", "{813BAA48-3CFE-4975-A01D-F1C5A80A2014}"
EndProject
Project("{9A19103F-16F7-4668-BE54-9A1E7A4F7556}") = "Blaze2SDK", "BlazeSDK\Blaze2SDK\Blaze2SDK.csproj", "{8B4CB43F-ECCE-4612-86C0-00F7BB02463F}"
EndProject
Project("{9A19103F-16F7-4668-BE54-9A1E7A4F7556}") = "Blaze3SDK", "BlazeSDK\Blaze3SDK\Blaze3SDK.csproj", "{9B5AC416-B21D-47C3-BB54-3BC90215FD82}"
EndProject
Project("{9A19103F-16F7-4668-BE54-9A1E7A4F7556}") = "BlazeCommon", "BlazeSDK\BlazeCommon\BlazeCommon.csproj", "{86B9919E-1B34-485A-81E0-A377859FBC36}"
EndProject
Project("{9A19103F-16F7-4668-BE54-9A1E7A4F7556}") = "HomeTools", "AuxiliaryServices\HomeTools\HomeTools.csproj", "{B4324762-BC94-4964-8D18-F6B7537BE870}"
EndProject
Project("{9A19103F-16F7-4668-BE54-9A1E7A4F7556}") = "AlcatrazService", "AuxiliaryServices\AlcatrazService\AlcatrazService.csproj", "{DAD22A1E-638B-4EEE-B4E1-3E997AD63EAB}"
EndProject
Project("{9A19103F-16F7-4668-BE54-9A1E7A4F7556}") = "HorizonService", "AuxiliaryServices\HorizonService\HorizonService.csproj", "{D7CC857D-D643-455F-9030-6414C4C8C3B0}"
EndProject
Project("{9A19103F-16F7-4668-BE54-9A1E7A4F7556}") = "WebAPIService", "AuxiliaryServices\WebAPIService\WebAPIService.csproj", "{F19A3982-3166-4EBC-8B9E-8C0EAC4D7115}"
EndProject
Project("{9A19103F-16F7-4668-BE54-9A1E7A4F7556}") = "Tdf", "BlazeSDK\Tdf\Tdf.csproj", "{7C6D7DA4-0E11-4814-983B-FB427547E2DF}"
EndProject
Project("{9A19103F-16F7-4668-BE54-9A1E7A4F7556}") = "EdNetService", "AuxiliaryServices\EdNetService\EdNetService.csproj", "{10E6CE35-E102-4775-8568-BAE8F6F9376E}"
EndProject
Project("{9A19103F-16F7-4668-BE54-9A1E7A4F7556}") = "MultiSpyService", "AuxiliaryServices\MultiSpyService\MultiSpyService.csproj", "{FC1F1E87-3BF4-4FBD-8728-C96EF9987529}"
EndProject
Project("{9A19103F-16F7-4668-BE54-9A1E7A4F7556}") = "DLNAService", "AuxiliaryServices\DLNAService\DLNAService.csproj", "{F08A57E2-5769-4A63-B343-7CF03F813A21}"
EndProject
Project("{9A19103F-16F7-4668-BE54-9A1E7A4F7556}") = "Horizon", "SpecializedServers\Horizon\Horizon.csproj", "{BB54630A-4058-440B-8291-850398FBE6C8}"
EndProject
Project("{9A19103F-16F7-4668-BE54-9A1E7A4F7556}") = "MultiSocks", "SpecializedServers\MultiSocks\MultiSocks.csproj", "{662197F8-C5DC-4B71-B9A6-76C262D0372B}"
EndProject
Project("{9A19103F-16F7-4668-BE54-9A1E7A4F7556}") = "QuazalServer", "SpecializedServers\QuazalServer\QuazalServer.csproj", "{F36DEB6D-BA3F-40AA-AD85-054C4A8C979E}"
EndProject
Project("{9A19103F-16F7-4668-BE54-9A1E7A4F7556}") = "SSFWServer", "SpecializedServers\SSFWServer\SSFWServer.csproj", "{226EC8CA-44EA-460D-8408-BBB158A5ED9A}"
EndProject
Project("{9A19103F-16F7-4668-BE54-9A1E7A4F7556}") = "SVO", "SpecializedServers\SVO\SVO.csproj", "{449484EE-BAE2-4FFB-BADF-4E2C2FBC388A}"
EndProject
Project("{9A19103F-16F7-4668-BE54-9A1E7A4F7556}") = "MultiSpy", "SpecializedServers\MultiSpy\MultiSpy.csproj", "{F4DC4A94-F073-481C-A8BE-EBC4F2BA01E4}"
EndProject
Project("{9A19103F-16F7-4668-BE54-9A1E7A4F7556}") = "MitmDNS", "WebServers\MitmDNS\MitmDNS.csproj", "{E4F01FDE-2193-4FD0-91FA-C6FC5D86B297}"
EndProject
Project("{9A19103F-16F7-4668-BE54-9A1E7A4F7556}") = "HTTPSecureServerLite", "WebServers\HTTPSecureServerLite\HTTPSecureServerLite.csproj", "{1C506C66-39AB-48E4-8C66-41C9CE4464BB}"
EndProject
Project("{9A19103F-16F7-4668-BE54-9A1E7A4F7556}") = "HTTPServer", "WebServers\HTTPServer\HTTPServer.csproj", "{7E0A58DA-018F-42C1-AA2F-82CB2A25B393}"
EndProject
Project("{9A19103F-16F7-4668-BE54-9A1E7A4F7556}") = "HomeWebTools", "Plugins\HTTP\HomeWebTools\HomeWebTools.csproj", "{6EB88EA2-6F44-4A48-AEBD-2B3F79608F66}"
EndProject
Project("{9A19103F-16F7-4668-BE54-9A1E7A4F7556}") = "EdNetCRCCalculator", "Plugins\HTTP\EdNetCRCCalculator\EdNetCRCCalculator.csproj", "{1BA36F53-BAC0-4697-8C05-67541C429583}"
EndProject
Project("{9A19103F-16F7-4668-BE54-9A1E7A4F7556}") = "PdfToJpeg", "Plugins\HTTP\PdfToJpeg\PdfToJpeg.csproj", "{123F16E6-2792-4206-B473-D64BC2822C12}"
EndProject
Project("{E53339B2-1760-4266-BCC7-CA923CBCF16C}") = "docker-compose", "docker-compose.dcproj", "{0BF859CC-60EE-4BA9-841E-D8D0CD74407C}"
EndProject
Project("{9A19103F-16F7-4668-BE54-9A1E7A4F7556}") = "NautilusXP2024", "Tools\Home\NautilusXP2024\NautilusXP2024.csproj", "{6ECC5FBB-10CA-424B-B6C2-776CE379D86F}"
EndProject
Global
	GlobalSection(SolutionConfigurationPlatforms) = preSolution
		Debug|Any CPU = Debug|Any CPU
		Debug|ARM32 = Debug|ARM32
		Debug|ARM64 = Debug|ARM64
		Debug|x64 = Debug|x64
		Debug|x86 = Debug|x86
		Release|Any CPU = Release|Any CPU
		Release|ARM32 = Release|ARM32
		Release|ARM64 = Release|ARM64
		Release|x64 = Release|x64
		Release|x86 = Release|x86
	EndGlobalSection
	GlobalSection(ProjectConfigurationPlatforms) = postSolution
		{F0E085BA-5501-4B94-9055-E77DFC1A8C37}.Debug|Any CPU.ActiveCfg = Debug|Any CPU
		{F0E085BA-5501-4B94-9055-E77DFC1A8C37}.Debug|Any CPU.Build.0 = Debug|Any CPU
		{F0E085BA-5501-4B94-9055-E77DFC1A8C37}.Debug|ARM32.ActiveCfg = Debug|Any CPU
		{F0E085BA-5501-4B94-9055-E77DFC1A8C37}.Debug|ARM32.Build.0 = Debug|Any CPU
		{F0E085BA-5501-4B94-9055-E77DFC1A8C37}.Debug|ARM64.ActiveCfg = Debug|Any CPU
		{F0E085BA-5501-4B94-9055-E77DFC1A8C37}.Debug|ARM64.Build.0 = Debug|Any CPU
		{F0E085BA-5501-4B94-9055-E77DFC1A8C37}.Debug|x64.ActiveCfg = Debug|Any CPU
		{F0E085BA-5501-4B94-9055-E77DFC1A8C37}.Debug|x64.Build.0 = Debug|Any CPU
		{F0E085BA-5501-4B94-9055-E77DFC1A8C37}.Debug|x86.ActiveCfg = Debug|Any CPU
		{F0E085BA-5501-4B94-9055-E77DFC1A8C37}.Debug|x86.Build.0 = Debug|Any CPU
		{F0E085BA-5501-4B94-9055-E77DFC1A8C37}.Release|Any CPU.ActiveCfg = Release|Any CPU
		{F0E085BA-5501-4B94-9055-E77DFC1A8C37}.Release|Any CPU.Build.0 = Release|Any CPU
		{F0E085BA-5501-4B94-9055-E77DFC1A8C37}.Release|ARM32.ActiveCfg = Release|Any CPU
		{F0E085BA-5501-4B94-9055-E77DFC1A8C37}.Release|ARM32.Build.0 = Release|Any CPU
		{F0E085BA-5501-4B94-9055-E77DFC1A8C37}.Release|ARM64.ActiveCfg = Release|Any CPU
		{F0E085BA-5501-4B94-9055-E77DFC1A8C37}.Release|ARM64.Build.0 = Release|Any CPU
		{F0E085BA-5501-4B94-9055-E77DFC1A8C37}.Release|x64.ActiveCfg = Release|Any CPU
		{F0E085BA-5501-4B94-9055-E77DFC1A8C37}.Release|x64.Build.0 = Release|Any CPU
		{F0E085BA-5501-4B94-9055-E77DFC1A8C37}.Release|x86.ActiveCfg = Release|Any CPU
		{F0E085BA-5501-4B94-9055-E77DFC1A8C37}.Release|x86.Build.0 = Release|Any CPU
		{6C02C9E8-3D82-4999-8784-4079BEB8CD22}.Debug|Any CPU.ActiveCfg = Debug|Any CPU
		{6C02C9E8-3D82-4999-8784-4079BEB8CD22}.Debug|Any CPU.Build.0 = Debug|Any CPU
		{6C02C9E8-3D82-4999-8784-4079BEB8CD22}.Debug|ARM32.ActiveCfg = Debug|Any CPU
		{6C02C9E8-3D82-4999-8784-4079BEB8CD22}.Debug|ARM32.Build.0 = Debug|Any CPU
		{6C02C9E8-3D82-4999-8784-4079BEB8CD22}.Debug|ARM64.ActiveCfg = Debug|Any CPU
		{6C02C9E8-3D82-4999-8784-4079BEB8CD22}.Debug|ARM64.Build.0 = Debug|Any CPU
		{6C02C9E8-3D82-4999-8784-4079BEB8CD22}.Debug|x64.ActiveCfg = Debug|Any CPU
		{6C02C9E8-3D82-4999-8784-4079BEB8CD22}.Debug|x64.Build.0 = Debug|Any CPU
		{6C02C9E8-3D82-4999-8784-4079BEB8CD22}.Debug|x86.ActiveCfg = Debug|Any CPU
		{6C02C9E8-3D82-4999-8784-4079BEB8CD22}.Debug|x86.Build.0 = Debug|Any CPU
		{6C02C9E8-3D82-4999-8784-4079BEB8CD22}.Release|Any CPU.ActiveCfg = Release|Any CPU
		{6C02C9E8-3D82-4999-8784-4079BEB8CD22}.Release|Any CPU.Build.0 = Release|Any CPU
		{6C02C9E8-3D82-4999-8784-4079BEB8CD22}.Release|ARM32.ActiveCfg = Release|Any CPU
		{6C02C9E8-3D82-4999-8784-4079BEB8CD22}.Release|ARM32.Build.0 = Release|Any CPU
		{6C02C9E8-3D82-4999-8784-4079BEB8CD22}.Release|ARM64.ActiveCfg = Release|Any CPU
		{6C02C9E8-3D82-4999-8784-4079BEB8CD22}.Release|ARM64.Build.0 = Release|Any CPU
		{6C02C9E8-3D82-4999-8784-4079BEB8CD22}.Release|x64.ActiveCfg = Release|Any CPU
		{6C02C9E8-3D82-4999-8784-4079BEB8CD22}.Release|x64.Build.0 = Release|Any CPU
		{6C02C9E8-3D82-4999-8784-4079BEB8CD22}.Release|x86.ActiveCfg = Release|Any CPU
		{6C02C9E8-3D82-4999-8784-4079BEB8CD22}.Release|x86.Build.0 = Release|Any CPU
		{4E0338AF-8F06-4CDF-B449-81CB70A9BE80}.Debug|Any CPU.ActiveCfg = Debug|Any CPU
		{4E0338AF-8F06-4CDF-B449-81CB70A9BE80}.Debug|Any CPU.Build.0 = Debug|Any CPU
		{4E0338AF-8F06-4CDF-B449-81CB70A9BE80}.Debug|ARM32.ActiveCfg = Debug|Any CPU
		{4E0338AF-8F06-4CDF-B449-81CB70A9BE80}.Debug|ARM32.Build.0 = Debug|Any CPU
		{4E0338AF-8F06-4CDF-B449-81CB70A9BE80}.Debug|ARM64.ActiveCfg = Debug|Any CPU
		{4E0338AF-8F06-4CDF-B449-81CB70A9BE80}.Debug|ARM64.Build.0 = Debug|Any CPU
		{4E0338AF-8F06-4CDF-B449-81CB70A9BE80}.Debug|x64.ActiveCfg = Debug|Any CPU
		{4E0338AF-8F06-4CDF-B449-81CB70A9BE80}.Debug|x64.Build.0 = Debug|Any CPU
		{4E0338AF-8F06-4CDF-B449-81CB70A9BE80}.Debug|x86.ActiveCfg = Debug|Any CPU
		{4E0338AF-8F06-4CDF-B449-81CB70A9BE80}.Debug|x86.Build.0 = Debug|Any CPU
		{4E0338AF-8F06-4CDF-B449-81CB70A9BE80}.Release|Any CPU.ActiveCfg = Release|Any CPU
		{4E0338AF-8F06-4CDF-B449-81CB70A9BE80}.Release|Any CPU.Build.0 = Release|Any CPU
		{4E0338AF-8F06-4CDF-B449-81CB70A9BE80}.Release|ARM32.ActiveCfg = Release|Any CPU
		{4E0338AF-8F06-4CDF-B449-81CB70A9BE80}.Release|ARM32.Build.0 = Release|Any CPU
		{4E0338AF-8F06-4CDF-B449-81CB70A9BE80}.Release|ARM64.ActiveCfg = Release|Any CPU
		{4E0338AF-8F06-4CDF-B449-81CB70A9BE80}.Release|ARM64.Build.0 = Release|Any CPU
		{4E0338AF-8F06-4CDF-B449-81CB70A9BE80}.Release|x64.ActiveCfg = Release|Any CPU
		{4E0338AF-8F06-4CDF-B449-81CB70A9BE80}.Release|x64.Build.0 = Release|Any CPU
		{4E0338AF-8F06-4CDF-B449-81CB70A9BE80}.Release|x86.ActiveCfg = Release|Any CPU
		{4E0338AF-8F06-4CDF-B449-81CB70A9BE80}.Release|x86.Build.0 = Release|Any CPU
		{2B033404-74EB-4588-9422-5EDA13FBEB76}.Debug|Any CPU.ActiveCfg = Debug|Any CPU
		{2B033404-74EB-4588-9422-5EDA13FBEB76}.Debug|Any CPU.Build.0 = Debug|Any CPU
		{2B033404-74EB-4588-9422-5EDA13FBEB76}.Debug|ARM32.ActiveCfg = Debug|Any CPU
		{2B033404-74EB-4588-9422-5EDA13FBEB76}.Debug|ARM32.Build.0 = Debug|Any CPU
		{2B033404-74EB-4588-9422-5EDA13FBEB76}.Debug|ARM64.ActiveCfg = Debug|Any CPU
		{2B033404-74EB-4588-9422-5EDA13FBEB76}.Debug|ARM64.Build.0 = Debug|Any CPU
		{2B033404-74EB-4588-9422-5EDA13FBEB76}.Debug|x64.ActiveCfg = Debug|Any CPU
		{2B033404-74EB-4588-9422-5EDA13FBEB76}.Debug|x64.Build.0 = Debug|Any CPU
		{2B033404-74EB-4588-9422-5EDA13FBEB76}.Debug|x86.ActiveCfg = Debug|Any CPU
		{2B033404-74EB-4588-9422-5EDA13FBEB76}.Debug|x86.Build.0 = Debug|Any CPU
		{2B033404-74EB-4588-9422-5EDA13FBEB76}.Release|Any CPU.ActiveCfg = Release|Any CPU
		{2B033404-74EB-4588-9422-5EDA13FBEB76}.Release|Any CPU.Build.0 = Release|Any CPU
		{2B033404-74EB-4588-9422-5EDA13FBEB76}.Release|ARM32.ActiveCfg = Release|Any CPU
		{2B033404-74EB-4588-9422-5EDA13FBEB76}.Release|ARM32.Build.0 = Release|Any CPU
		{2B033404-74EB-4588-9422-5EDA13FBEB76}.Release|ARM64.ActiveCfg = Release|Any CPU
		{2B033404-74EB-4588-9422-5EDA13FBEB76}.Release|ARM64.Build.0 = Release|Any CPU
		{2B033404-74EB-4588-9422-5EDA13FBEB76}.Release|x64.ActiveCfg = Release|Any CPU
		{2B033404-74EB-4588-9422-5EDA13FBEB76}.Release|x64.Build.0 = Release|Any CPU
		{2B033404-74EB-4588-9422-5EDA13FBEB76}.Release|x86.ActiveCfg = Release|Any CPU
		{2B033404-74EB-4588-9422-5EDA13FBEB76}.Release|x86.Build.0 = Release|Any CPU
		{31077DA5-92AD-42D5-88BF-48409CF4309B}.Debug|Any CPU.ActiveCfg = Debug|Any CPU
		{31077DA5-92AD-42D5-88BF-48409CF4309B}.Debug|Any CPU.Build.0 = Debug|Any CPU
		{31077DA5-92AD-42D5-88BF-48409CF4309B}.Debug|ARM32.ActiveCfg = Debug|Any CPU
		{31077DA5-92AD-42D5-88BF-48409CF4309B}.Debug|ARM32.Build.0 = Debug|Any CPU
		{31077DA5-92AD-42D5-88BF-48409CF4309B}.Debug|ARM64.ActiveCfg = Debug|Any CPU
		{31077DA5-92AD-42D5-88BF-48409CF4309B}.Debug|ARM64.Build.0 = Debug|Any CPU
		{31077DA5-92AD-42D5-88BF-48409CF4309B}.Debug|x64.ActiveCfg = Debug|Any CPU
		{31077DA5-92AD-42D5-88BF-48409CF4309B}.Debug|x64.Build.0 = Debug|Any CPU
		{31077DA5-92AD-42D5-88BF-48409CF4309B}.Debug|x86.ActiveCfg = Debug|Any CPU
		{31077DA5-92AD-42D5-88BF-48409CF4309B}.Debug|x86.Build.0 = Debug|Any CPU
		{31077DA5-92AD-42D5-88BF-48409CF4309B}.Release|Any CPU.ActiveCfg = Release|Any CPU
		{31077DA5-92AD-42D5-88BF-48409CF4309B}.Release|Any CPU.Build.0 = Release|Any CPU
		{31077DA5-92AD-42D5-88BF-48409CF4309B}.Release|ARM32.ActiveCfg = Release|Any CPU
		{31077DA5-92AD-42D5-88BF-48409CF4309B}.Release|ARM32.Build.0 = Release|Any CPU
		{31077DA5-92AD-42D5-88BF-48409CF4309B}.Release|ARM64.ActiveCfg = Release|Any CPU
		{31077DA5-92AD-42D5-88BF-48409CF4309B}.Release|ARM64.Build.0 = Release|Any CPU
		{31077DA5-92AD-42D5-88BF-48409CF4309B}.Release|x64.ActiveCfg = Release|Any CPU
		{31077DA5-92AD-42D5-88BF-48409CF4309B}.Release|x64.Build.0 = Release|Any CPU
		{31077DA5-92AD-42D5-88BF-48409CF4309B}.Release|x86.ActiveCfg = Release|Any CPU
		{31077DA5-92AD-42D5-88BF-48409CF4309B}.Release|x86.Build.0 = Release|Any CPU
		{A78BDDE7-4116-472A-8DA5-7074CAC5805C}.Debug|Any CPU.ActiveCfg = Debug|Any CPU
		{A78BDDE7-4116-472A-8DA5-7074CAC5805C}.Debug|Any CPU.Build.0 = Debug|Any CPU
		{A78BDDE7-4116-472A-8DA5-7074CAC5805C}.Debug|ARM32.ActiveCfg = Debug|Any CPU
		{A78BDDE7-4116-472A-8DA5-7074CAC5805C}.Debug|ARM32.Build.0 = Debug|Any CPU
		{A78BDDE7-4116-472A-8DA5-7074CAC5805C}.Debug|ARM64.ActiveCfg = Debug|Any CPU
		{A78BDDE7-4116-472A-8DA5-7074CAC5805C}.Debug|ARM64.Build.0 = Debug|Any CPU
		{A78BDDE7-4116-472A-8DA5-7074CAC5805C}.Debug|x64.ActiveCfg = Debug|Any CPU
		{A78BDDE7-4116-472A-8DA5-7074CAC5805C}.Debug|x64.Build.0 = Debug|Any CPU
		{A78BDDE7-4116-472A-8DA5-7074CAC5805C}.Debug|x86.ActiveCfg = Debug|Any CPU
		{A78BDDE7-4116-472A-8DA5-7074CAC5805C}.Debug|x86.Build.0 = Debug|Any CPU
		{A78BDDE7-4116-472A-8DA5-7074CAC5805C}.Release|Any CPU.ActiveCfg = Release|Any CPU
		{A78BDDE7-4116-472A-8DA5-7074CAC5805C}.Release|Any CPU.Build.0 = Release|Any CPU
		{A78BDDE7-4116-472A-8DA5-7074CAC5805C}.Release|ARM32.ActiveCfg = Release|Any CPU
		{A78BDDE7-4116-472A-8DA5-7074CAC5805C}.Release|ARM32.Build.0 = Release|Any CPU
		{A78BDDE7-4116-472A-8DA5-7074CAC5805C}.Release|ARM64.ActiveCfg = Release|Any CPU
		{A78BDDE7-4116-472A-8DA5-7074CAC5805C}.Release|ARM64.Build.0 = Release|Any CPU
		{A78BDDE7-4116-472A-8DA5-7074CAC5805C}.Release|x64.ActiveCfg = Release|Any CPU
		{A78BDDE7-4116-472A-8DA5-7074CAC5805C}.Release|x64.Build.0 = Release|Any CPU
		{A78BDDE7-4116-472A-8DA5-7074CAC5805C}.Release|x86.ActiveCfg = Release|Any CPU
		{A78BDDE7-4116-472A-8DA5-7074CAC5805C}.Release|x86.Build.0 = Release|Any CPU
		{01AF4373-8906-480C-AD9A-1A3001BEFAB1}.Debug|Any CPU.ActiveCfg = Debug|Any CPU
		{01AF4373-8906-480C-AD9A-1A3001BEFAB1}.Debug|Any CPU.Build.0 = Debug|Any CPU
		{01AF4373-8906-480C-AD9A-1A3001BEFAB1}.Debug|ARM32.ActiveCfg = Debug|Any CPU
		{01AF4373-8906-480C-AD9A-1A3001BEFAB1}.Debug|ARM32.Build.0 = Debug|Any CPU
		{01AF4373-8906-480C-AD9A-1A3001BEFAB1}.Debug|ARM64.ActiveCfg = Debug|Any CPU
		{01AF4373-8906-480C-AD9A-1A3001BEFAB1}.Debug|ARM64.Build.0 = Debug|Any CPU
		{01AF4373-8906-480C-AD9A-1A3001BEFAB1}.Debug|x64.ActiveCfg = Debug|Any CPU
		{01AF4373-8906-480C-AD9A-1A3001BEFAB1}.Debug|x64.Build.0 = Debug|Any CPU
		{01AF4373-8906-480C-AD9A-1A3001BEFAB1}.Debug|x86.ActiveCfg = Debug|Any CPU
		{01AF4373-8906-480C-AD9A-1A3001BEFAB1}.Debug|x86.Build.0 = Debug|Any CPU
		{01AF4373-8906-480C-AD9A-1A3001BEFAB1}.Release|Any CPU.ActiveCfg = Release|Any CPU
		{01AF4373-8906-480C-AD9A-1A3001BEFAB1}.Release|Any CPU.Build.0 = Release|Any CPU
		{01AF4373-8906-480C-AD9A-1A3001BEFAB1}.Release|ARM32.ActiveCfg = Release|Any CPU
		{01AF4373-8906-480C-AD9A-1A3001BEFAB1}.Release|ARM32.Build.0 = Release|Any CPU
		{01AF4373-8906-480C-AD9A-1A3001BEFAB1}.Release|ARM64.ActiveCfg = Release|Any CPU
		{01AF4373-8906-480C-AD9A-1A3001BEFAB1}.Release|ARM64.Build.0 = Release|Any CPU
		{01AF4373-8906-480C-AD9A-1A3001BEFAB1}.Release|x64.ActiveCfg = Release|Any CPU
		{01AF4373-8906-480C-AD9A-1A3001BEFAB1}.Release|x64.Build.0 = Release|Any CPU
		{01AF4373-8906-480C-AD9A-1A3001BEFAB1}.Release|x86.ActiveCfg = Release|Any CPU
		{01AF4373-8906-480C-AD9A-1A3001BEFAB1}.Release|x86.Build.0 = Release|Any CPU
		{469C294D-258C-4CAF-88BB-B33893DA23A5}.Debug|Any CPU.ActiveCfg = Debug|Any CPU
		{469C294D-258C-4CAF-88BB-B33893DA23A5}.Debug|Any CPU.Build.0 = Debug|Any CPU
		{469C294D-258C-4CAF-88BB-B33893DA23A5}.Debug|ARM32.ActiveCfg = Debug|Any CPU
		{469C294D-258C-4CAF-88BB-B33893DA23A5}.Debug|ARM32.Build.0 = Debug|Any CPU
		{469C294D-258C-4CAF-88BB-B33893DA23A5}.Debug|ARM64.ActiveCfg = Debug|Any CPU
		{469C294D-258C-4CAF-88BB-B33893DA23A5}.Debug|ARM64.Build.0 = Debug|Any CPU
		{469C294D-258C-4CAF-88BB-B33893DA23A5}.Debug|x64.ActiveCfg = Debug|Any CPU
		{469C294D-258C-4CAF-88BB-B33893DA23A5}.Debug|x64.Build.0 = Debug|Any CPU
		{469C294D-258C-4CAF-88BB-B33893DA23A5}.Debug|x86.ActiveCfg = Debug|Any CPU
		{469C294D-258C-4CAF-88BB-B33893DA23A5}.Debug|x86.Build.0 = Debug|Any CPU
		{469C294D-258C-4CAF-88BB-B33893DA23A5}.Release|Any CPU.ActiveCfg = Release|Any CPU
		{469C294D-258C-4CAF-88BB-B33893DA23A5}.Release|Any CPU.Build.0 = Release|Any CPU
		{469C294D-258C-4CAF-88BB-B33893DA23A5}.Release|ARM32.ActiveCfg = Release|Any CPU
		{469C294D-258C-4CAF-88BB-B33893DA23A5}.Release|ARM32.Build.0 = Release|Any CPU
		{469C294D-258C-4CAF-88BB-B33893DA23A5}.Release|ARM64.ActiveCfg = Release|Any CPU
		{469C294D-258C-4CAF-88BB-B33893DA23A5}.Release|ARM64.Build.0 = Release|Any CPU
		{469C294D-258C-4CAF-88BB-B33893DA23A5}.Release|x64.ActiveCfg = Release|Any CPU
		{469C294D-258C-4CAF-88BB-B33893DA23A5}.Release|x64.Build.0 = Release|Any CPU
		{469C294D-258C-4CAF-88BB-B33893DA23A5}.Release|x86.ActiveCfg = Release|Any CPU
		{469C294D-258C-4CAF-88BB-B33893DA23A5}.Release|x86.Build.0 = Release|Any CPU
		{813BAA48-3CFE-4975-A01D-F1C5A80A2014}.Debug|Any CPU.ActiveCfg = Debug|Any CPU
		{813BAA48-3CFE-4975-A01D-F1C5A80A2014}.Debug|Any CPU.Build.0 = Debug|Any CPU
		{813BAA48-3CFE-4975-A01D-F1C5A80A2014}.Debug|ARM32.ActiveCfg = Debug|Any CPU
		{813BAA48-3CFE-4975-A01D-F1C5A80A2014}.Debug|ARM32.Build.0 = Debug|Any CPU
		{813BAA48-3CFE-4975-A01D-F1C5A80A2014}.Debug|ARM64.ActiveCfg = Debug|Any CPU
		{813BAA48-3CFE-4975-A01D-F1C5A80A2014}.Debug|ARM64.Build.0 = Debug|Any CPU
		{813BAA48-3CFE-4975-A01D-F1C5A80A2014}.Debug|x64.ActiveCfg = Debug|Any CPU
		{813BAA48-3CFE-4975-A01D-F1C5A80A2014}.Debug|x64.Build.0 = Debug|Any CPU
		{813BAA48-3CFE-4975-A01D-F1C5A80A2014}.Debug|x86.ActiveCfg = Debug|Any CPU
		{813BAA48-3CFE-4975-A01D-F1C5A80A2014}.Debug|x86.Build.0 = Debug|Any CPU
		{813BAA48-3CFE-4975-A01D-F1C5A80A2014}.Release|Any CPU.ActiveCfg = Release|Any CPU
		{813BAA48-3CFE-4975-A01D-F1C5A80A2014}.Release|Any CPU.Build.0 = Release|Any CPU
		{813BAA48-3CFE-4975-A01D-F1C5A80A2014}.Release|ARM32.ActiveCfg = Release|Any CPU
		{813BAA48-3CFE-4975-A01D-F1C5A80A2014}.Release|ARM32.Build.0 = Release|Any CPU
		{813BAA48-3CFE-4975-A01D-F1C5A80A2014}.Release|ARM64.ActiveCfg = Release|Any CPU
		{813BAA48-3CFE-4975-A01D-F1C5A80A2014}.Release|ARM64.Build.0 = Release|Any CPU
		{813BAA48-3CFE-4975-A01D-F1C5A80A2014}.Release|x64.ActiveCfg = Release|Any CPU
		{813BAA48-3CFE-4975-A01D-F1C5A80A2014}.Release|x64.Build.0 = Release|Any CPU
		{813BAA48-3CFE-4975-A01D-F1C5A80A2014}.Release|x86.ActiveCfg = Release|Any CPU
		{813BAA48-3CFE-4975-A01D-F1C5A80A2014}.Release|x86.Build.0 = Release|Any CPU
		{8B4CB43F-ECCE-4612-86C0-00F7BB02463F}.Debug|Any CPU.ActiveCfg = Debug|Any CPU
		{8B4CB43F-ECCE-4612-86C0-00F7BB02463F}.Debug|Any CPU.Build.0 = Debug|Any CPU
		{8B4CB43F-ECCE-4612-86C0-00F7BB02463F}.Debug|ARM32.ActiveCfg = Debug|Any CPU
		{8B4CB43F-ECCE-4612-86C0-00F7BB02463F}.Debug|ARM32.Build.0 = Debug|Any CPU
		{8B4CB43F-ECCE-4612-86C0-00F7BB02463F}.Debug|ARM64.ActiveCfg = Debug|Any CPU
		{8B4CB43F-ECCE-4612-86C0-00F7BB02463F}.Debug|ARM64.Build.0 = Debug|Any CPU
		{8B4CB43F-ECCE-4612-86C0-00F7BB02463F}.Debug|x64.ActiveCfg = Debug|Any CPU
		{8B4CB43F-ECCE-4612-86C0-00F7BB02463F}.Debug|x64.Build.0 = Debug|Any CPU
		{8B4CB43F-ECCE-4612-86C0-00F7BB02463F}.Debug|x86.ActiveCfg = Debug|Any CPU
		{8B4CB43F-ECCE-4612-86C0-00F7BB02463F}.Debug|x86.Build.0 = Debug|Any CPU
		{8B4CB43F-ECCE-4612-86C0-00F7BB02463F}.Release|Any CPU.ActiveCfg = Release|Any CPU
		{8B4CB43F-ECCE-4612-86C0-00F7BB02463F}.Release|Any CPU.Build.0 = Release|Any CPU
		{8B4CB43F-ECCE-4612-86C0-00F7BB02463F}.Release|ARM32.ActiveCfg = Release|Any CPU
		{8B4CB43F-ECCE-4612-86C0-00F7BB02463F}.Release|ARM32.Build.0 = Release|Any CPU
		{8B4CB43F-ECCE-4612-86C0-00F7BB02463F}.Release|ARM64.ActiveCfg = Release|Any CPU
		{8B4CB43F-ECCE-4612-86C0-00F7BB02463F}.Release|ARM64.Build.0 = Release|Any CPU
		{8B4CB43F-ECCE-4612-86C0-00F7BB02463F}.Release|x64.ActiveCfg = Release|Any CPU
		{8B4CB43F-ECCE-4612-86C0-00F7BB02463F}.Release|x64.Build.0 = Release|Any CPU
		{8B4CB43F-ECCE-4612-86C0-00F7BB02463F}.Release|x86.ActiveCfg = Release|Any CPU
		{8B4CB43F-ECCE-4612-86C0-00F7BB02463F}.Release|x86.Build.0 = Release|Any CPU
		{9B5AC416-B21D-47C3-BB54-3BC90215FD82}.Debug|Any CPU.ActiveCfg = Debug|Any CPU
		{9B5AC416-B21D-47C3-BB54-3BC90215FD82}.Debug|Any CPU.Build.0 = Debug|Any CPU
		{9B5AC416-B21D-47C3-BB54-3BC90215FD82}.Debug|ARM32.ActiveCfg = Debug|Any CPU
		{9B5AC416-B21D-47C3-BB54-3BC90215FD82}.Debug|ARM32.Build.0 = Debug|Any CPU
		{9B5AC416-B21D-47C3-BB54-3BC90215FD82}.Debug|ARM64.ActiveCfg = Debug|Any CPU
		{9B5AC416-B21D-47C3-BB54-3BC90215FD82}.Debug|ARM64.Build.0 = Debug|Any CPU
		{9B5AC416-B21D-47C3-BB54-3BC90215FD82}.Debug|x64.ActiveCfg = Debug|Any CPU
		{9B5AC416-B21D-47C3-BB54-3BC90215FD82}.Debug|x64.Build.0 = Debug|Any CPU
		{9B5AC416-B21D-47C3-BB54-3BC90215FD82}.Debug|x86.ActiveCfg = Debug|Any CPU
		{9B5AC416-B21D-47C3-BB54-3BC90215FD82}.Debug|x86.Build.0 = Debug|Any CPU
		{9B5AC416-B21D-47C3-BB54-3BC90215FD82}.Release|Any CPU.ActiveCfg = Release|Any CPU
		{9B5AC416-B21D-47C3-BB54-3BC90215FD82}.Release|Any CPU.Build.0 = Release|Any CPU
		{9B5AC416-B21D-47C3-BB54-3BC90215FD82}.Release|ARM32.ActiveCfg = Release|Any CPU
		{9B5AC416-B21D-47C3-BB54-3BC90215FD82}.Release|ARM32.Build.0 = Release|Any CPU
		{9B5AC416-B21D-47C3-BB54-3BC90215FD82}.Release|ARM64.ActiveCfg = Release|Any CPU
		{9B5AC416-B21D-47C3-BB54-3BC90215FD82}.Release|ARM64.Build.0 = Release|Any CPU
		{9B5AC416-B21D-47C3-BB54-3BC90215FD82}.Release|x64.ActiveCfg = Release|Any CPU
		{9B5AC416-B21D-47C3-BB54-3BC90215FD82}.Release|x64.Build.0 = Release|Any CPU
		{9B5AC416-B21D-47C3-BB54-3BC90215FD82}.Release|x86.ActiveCfg = Release|Any CPU
		{9B5AC416-B21D-47C3-BB54-3BC90215FD82}.Release|x86.Build.0 = Release|Any CPU
		{86B9919E-1B34-485A-81E0-A377859FBC36}.Debug|Any CPU.ActiveCfg = Debug|Any CPU
		{86B9919E-1B34-485A-81E0-A377859FBC36}.Debug|Any CPU.Build.0 = Debug|Any CPU
		{86B9919E-1B34-485A-81E0-A377859FBC36}.Debug|ARM32.ActiveCfg = Debug|Any CPU
		{86B9919E-1B34-485A-81E0-A377859FBC36}.Debug|ARM32.Build.0 = Debug|Any CPU
		{86B9919E-1B34-485A-81E0-A377859FBC36}.Debug|ARM64.ActiveCfg = Debug|Any CPU
		{86B9919E-1B34-485A-81E0-A377859FBC36}.Debug|ARM64.Build.0 = Debug|Any CPU
		{86B9919E-1B34-485A-81E0-A377859FBC36}.Debug|x64.ActiveCfg = Debug|Any CPU
		{86B9919E-1B34-485A-81E0-A377859FBC36}.Debug|x64.Build.0 = Debug|Any CPU
		{86B9919E-1B34-485A-81E0-A377859FBC36}.Debug|x86.ActiveCfg = Debug|Any CPU
		{86B9919E-1B34-485A-81E0-A377859FBC36}.Debug|x86.Build.0 = Debug|Any CPU
		{86B9919E-1B34-485A-81E0-A377859FBC36}.Release|Any CPU.ActiveCfg = Release|Any CPU
		{86B9919E-1B34-485A-81E0-A377859FBC36}.Release|Any CPU.Build.0 = Release|Any CPU
		{86B9919E-1B34-485A-81E0-A377859FBC36}.Release|ARM32.ActiveCfg = Release|Any CPU
		{86B9919E-1B34-485A-81E0-A377859FBC36}.Release|ARM32.Build.0 = Release|Any CPU
		{86B9919E-1B34-485A-81E0-A377859FBC36}.Release|ARM64.ActiveCfg = Release|Any CPU
		{86B9919E-1B34-485A-81E0-A377859FBC36}.Release|ARM64.Build.0 = Release|Any CPU
		{86B9919E-1B34-485A-81E0-A377859FBC36}.Release|x64.ActiveCfg = Release|Any CPU
		{86B9919E-1B34-485A-81E0-A377859FBC36}.Release|x64.Build.0 = Release|Any CPU
		{86B9919E-1B34-485A-81E0-A377859FBC36}.Release|x86.ActiveCfg = Release|Any CPU
		{86B9919E-1B34-485A-81E0-A377859FBC36}.Release|x86.Build.0 = Release|Any CPU
		{B4324762-BC94-4964-8D18-F6B7537BE870}.Debug|Any CPU.ActiveCfg = Debug|Any CPU
		{B4324762-BC94-4964-8D18-F6B7537BE870}.Debug|Any CPU.Build.0 = Debug|Any CPU
		{B4324762-BC94-4964-8D18-F6B7537BE870}.Debug|ARM32.ActiveCfg = Debug|Any CPU
		{B4324762-BC94-4964-8D18-F6B7537BE870}.Debug|ARM32.Build.0 = Debug|Any CPU
		{B4324762-BC94-4964-8D18-F6B7537BE870}.Debug|ARM64.ActiveCfg = Debug|Any CPU
		{B4324762-BC94-4964-8D18-F6B7537BE870}.Debug|ARM64.Build.0 = Debug|Any CPU
		{B4324762-BC94-4964-8D18-F6B7537BE870}.Debug|x64.ActiveCfg = Debug|Any CPU
		{B4324762-BC94-4964-8D18-F6B7537BE870}.Debug|x64.Build.0 = Debug|Any CPU
		{B4324762-BC94-4964-8D18-F6B7537BE870}.Debug|x86.ActiveCfg = Debug|Any CPU
		{B4324762-BC94-4964-8D18-F6B7537BE870}.Debug|x86.Build.0 = Debug|Any CPU
		{B4324762-BC94-4964-8D18-F6B7537BE870}.Release|Any CPU.ActiveCfg = Release|Any CPU
		{B4324762-BC94-4964-8D18-F6B7537BE870}.Release|Any CPU.Build.0 = Release|Any CPU
		{B4324762-BC94-4964-8D18-F6B7537BE870}.Release|ARM32.ActiveCfg = Release|Any CPU
		{B4324762-BC94-4964-8D18-F6B7537BE870}.Release|ARM32.Build.0 = Release|Any CPU
		{B4324762-BC94-4964-8D18-F6B7537BE870}.Release|ARM64.ActiveCfg = Release|Any CPU
		{B4324762-BC94-4964-8D18-F6B7537BE870}.Release|ARM64.Build.0 = Release|Any CPU
		{B4324762-BC94-4964-8D18-F6B7537BE870}.Release|x64.ActiveCfg = Release|Any CPU
		{B4324762-BC94-4964-8D18-F6B7537BE870}.Release|x64.Build.0 = Release|Any CPU
		{B4324762-BC94-4964-8D18-F6B7537BE870}.Release|x86.ActiveCfg = Release|Any CPU
		{B4324762-BC94-4964-8D18-F6B7537BE870}.Release|x86.Build.0 = Release|Any CPU
		{DAD22A1E-638B-4EEE-B4E1-3E997AD63EAB}.Debug|Any CPU.ActiveCfg = Debug|Any CPU
		{DAD22A1E-638B-4EEE-B4E1-3E997AD63EAB}.Debug|Any CPU.Build.0 = Debug|Any CPU
		{DAD22A1E-638B-4EEE-B4E1-3E997AD63EAB}.Debug|ARM32.ActiveCfg = Debug|Any CPU
		{DAD22A1E-638B-4EEE-B4E1-3E997AD63EAB}.Debug|ARM32.Build.0 = Debug|Any CPU
		{DAD22A1E-638B-4EEE-B4E1-3E997AD63EAB}.Debug|ARM64.ActiveCfg = Debug|Any CPU
		{DAD22A1E-638B-4EEE-B4E1-3E997AD63EAB}.Debug|ARM64.Build.0 = Debug|Any CPU
		{DAD22A1E-638B-4EEE-B4E1-3E997AD63EAB}.Debug|x64.ActiveCfg = Debug|Any CPU
		{DAD22A1E-638B-4EEE-B4E1-3E997AD63EAB}.Debug|x64.Build.0 = Debug|Any CPU
		{DAD22A1E-638B-4EEE-B4E1-3E997AD63EAB}.Debug|x86.ActiveCfg = Debug|Any CPU
		{DAD22A1E-638B-4EEE-B4E1-3E997AD63EAB}.Debug|x86.Build.0 = Debug|Any CPU
		{DAD22A1E-638B-4EEE-B4E1-3E997AD63EAB}.Release|Any CPU.ActiveCfg = Release|Any CPU
		{DAD22A1E-638B-4EEE-B4E1-3E997AD63EAB}.Release|Any CPU.Build.0 = Release|Any CPU
		{DAD22A1E-638B-4EEE-B4E1-3E997AD63EAB}.Release|ARM32.ActiveCfg = Release|Any CPU
		{DAD22A1E-638B-4EEE-B4E1-3E997AD63EAB}.Release|ARM32.Build.0 = Release|Any CPU
		{DAD22A1E-638B-4EEE-B4E1-3E997AD63EAB}.Release|ARM64.ActiveCfg = Release|Any CPU
		{DAD22A1E-638B-4EEE-B4E1-3E997AD63EAB}.Release|ARM64.Build.0 = Release|Any CPU
		{DAD22A1E-638B-4EEE-B4E1-3E997AD63EAB}.Release|x64.ActiveCfg = Release|Any CPU
		{DAD22A1E-638B-4EEE-B4E1-3E997AD63EAB}.Release|x64.Build.0 = Release|Any CPU
		{DAD22A1E-638B-4EEE-B4E1-3E997AD63EAB}.Release|x86.ActiveCfg = Release|Any CPU
		{DAD22A1E-638B-4EEE-B4E1-3E997AD63EAB}.Release|x86.Build.0 = Release|Any CPU
		{D7CC857D-D643-455F-9030-6414C4C8C3B0}.Debug|Any CPU.ActiveCfg = Debug|Any CPU
		{D7CC857D-D643-455F-9030-6414C4C8C3B0}.Debug|Any CPU.Build.0 = Debug|Any CPU
		{D7CC857D-D643-455F-9030-6414C4C8C3B0}.Debug|ARM32.ActiveCfg = Debug|Any CPU
		{D7CC857D-D643-455F-9030-6414C4C8C3B0}.Debug|ARM32.Build.0 = Debug|Any CPU
		{D7CC857D-D643-455F-9030-6414C4C8C3B0}.Debug|ARM64.ActiveCfg = Debug|Any CPU
		{D7CC857D-D643-455F-9030-6414C4C8C3B0}.Debug|ARM64.Build.0 = Debug|Any CPU
		{D7CC857D-D643-455F-9030-6414C4C8C3B0}.Debug|x64.ActiveCfg = Debug|Any CPU
		{D7CC857D-D643-455F-9030-6414C4C8C3B0}.Debug|x64.Build.0 = Debug|Any CPU
		{D7CC857D-D643-455F-9030-6414C4C8C3B0}.Debug|x86.ActiveCfg = Debug|Any CPU
		{D7CC857D-D643-455F-9030-6414C4C8C3B0}.Debug|x86.Build.0 = Debug|Any CPU
		{D7CC857D-D643-455F-9030-6414C4C8C3B0}.Release|Any CPU.ActiveCfg = Release|Any CPU
		{D7CC857D-D643-455F-9030-6414C4C8C3B0}.Release|Any CPU.Build.0 = Release|Any CPU
		{D7CC857D-D643-455F-9030-6414C4C8C3B0}.Release|ARM32.ActiveCfg = Release|Any CPU
		{D7CC857D-D643-455F-9030-6414C4C8C3B0}.Release|ARM32.Build.0 = Release|Any CPU
		{D7CC857D-D643-455F-9030-6414C4C8C3B0}.Release|ARM64.ActiveCfg = Release|Any CPU
		{D7CC857D-D643-455F-9030-6414C4C8C3B0}.Release|ARM64.Build.0 = Release|Any CPU
		{D7CC857D-D643-455F-9030-6414C4C8C3B0}.Release|x64.ActiveCfg = Release|Any CPU
		{D7CC857D-D643-455F-9030-6414C4C8C3B0}.Release|x64.Build.0 = Release|Any CPU
		{D7CC857D-D643-455F-9030-6414C4C8C3B0}.Release|x86.ActiveCfg = Release|Any CPU
		{D7CC857D-D643-455F-9030-6414C4C8C3B0}.Release|x86.Build.0 = Release|Any CPU
		{F19A3982-3166-4EBC-8B9E-8C0EAC4D7115}.Debug|Any CPU.ActiveCfg = Debug|Any CPU
		{F19A3982-3166-4EBC-8B9E-8C0EAC4D7115}.Debug|Any CPU.Build.0 = Debug|Any CPU
		{F19A3982-3166-4EBC-8B9E-8C0EAC4D7115}.Debug|ARM32.ActiveCfg = Debug|Any CPU
		{F19A3982-3166-4EBC-8B9E-8C0EAC4D7115}.Debug|ARM32.Build.0 = Debug|Any CPU
		{F19A3982-3166-4EBC-8B9E-8C0EAC4D7115}.Debug|ARM64.ActiveCfg = Debug|Any CPU
		{F19A3982-3166-4EBC-8B9E-8C0EAC4D7115}.Debug|ARM64.Build.0 = Debug|Any CPU
		{F19A3982-3166-4EBC-8B9E-8C0EAC4D7115}.Debug|x64.ActiveCfg = Debug|Any CPU
		{F19A3982-3166-4EBC-8B9E-8C0EAC4D7115}.Debug|x64.Build.0 = Debug|Any CPU
		{F19A3982-3166-4EBC-8B9E-8C0EAC4D7115}.Debug|x86.ActiveCfg = Debug|Any CPU
		{F19A3982-3166-4EBC-8B9E-8C0EAC4D7115}.Debug|x86.Build.0 = Debug|Any CPU
		{F19A3982-3166-4EBC-8B9E-8C0EAC4D7115}.Release|Any CPU.ActiveCfg = Release|Any CPU
		{F19A3982-3166-4EBC-8B9E-8C0EAC4D7115}.Release|Any CPU.Build.0 = Release|Any CPU
		{F19A3982-3166-4EBC-8B9E-8C0EAC4D7115}.Release|ARM32.ActiveCfg = Release|Any CPU
		{F19A3982-3166-4EBC-8B9E-8C0EAC4D7115}.Release|ARM32.Build.0 = Release|Any CPU
		{F19A3982-3166-4EBC-8B9E-8C0EAC4D7115}.Release|ARM64.ActiveCfg = Release|Any CPU
		{F19A3982-3166-4EBC-8B9E-8C0EAC4D7115}.Release|ARM64.Build.0 = Release|Any CPU
		{F19A3982-3166-4EBC-8B9E-8C0EAC4D7115}.Release|x64.ActiveCfg = Release|Any CPU
		{F19A3982-3166-4EBC-8B9E-8C0EAC4D7115}.Release|x64.Build.0 = Release|Any CPU
		{F19A3982-3166-4EBC-8B9E-8C0EAC4D7115}.Release|x86.ActiveCfg = Release|Any CPU
		{F19A3982-3166-4EBC-8B9E-8C0EAC4D7115}.Release|x86.Build.0 = Release|Any CPU
		{7C6D7DA4-0E11-4814-983B-FB427547E2DF}.Debug|Any CPU.ActiveCfg = Debug|Any CPU
		{7C6D7DA4-0E11-4814-983B-FB427547E2DF}.Debug|Any CPU.Build.0 = Debug|Any CPU
		{7C6D7DA4-0E11-4814-983B-FB427547E2DF}.Debug|ARM32.ActiveCfg = Debug|Any CPU
		{7C6D7DA4-0E11-4814-983B-FB427547E2DF}.Debug|ARM32.Build.0 = Debug|Any CPU
		{7C6D7DA4-0E11-4814-983B-FB427547E2DF}.Debug|ARM64.ActiveCfg = Debug|Any CPU
		{7C6D7DA4-0E11-4814-983B-FB427547E2DF}.Debug|ARM64.Build.0 = Debug|Any CPU
		{7C6D7DA4-0E11-4814-983B-FB427547E2DF}.Debug|x64.ActiveCfg = Debug|Any CPU
		{7C6D7DA4-0E11-4814-983B-FB427547E2DF}.Debug|x64.Build.0 = Debug|Any CPU
		{7C6D7DA4-0E11-4814-983B-FB427547E2DF}.Debug|x86.ActiveCfg = Debug|Any CPU
		{7C6D7DA4-0E11-4814-983B-FB427547E2DF}.Debug|x86.Build.0 = Debug|Any CPU
		{7C6D7DA4-0E11-4814-983B-FB427547E2DF}.Release|Any CPU.ActiveCfg = Release|Any CPU
		{7C6D7DA4-0E11-4814-983B-FB427547E2DF}.Release|Any CPU.Build.0 = Release|Any CPU
		{7C6D7DA4-0E11-4814-983B-FB427547E2DF}.Release|ARM32.ActiveCfg = Release|Any CPU
		{7C6D7DA4-0E11-4814-983B-FB427547E2DF}.Release|ARM32.Build.0 = Release|Any CPU
		{7C6D7DA4-0E11-4814-983B-FB427547E2DF}.Release|ARM64.ActiveCfg = Release|Any CPU
		{7C6D7DA4-0E11-4814-983B-FB427547E2DF}.Release|ARM64.Build.0 = Release|Any CPU
		{7C6D7DA4-0E11-4814-983B-FB427547E2DF}.Release|x64.ActiveCfg = Release|Any CPU
		{7C6D7DA4-0E11-4814-983B-FB427547E2DF}.Release|x64.Build.0 = Release|Any CPU
		{7C6D7DA4-0E11-4814-983B-FB427547E2DF}.Release|x86.ActiveCfg = Release|Any CPU
		{7C6D7DA4-0E11-4814-983B-FB427547E2DF}.Release|x86.Build.0 = Release|Any CPU
		{10E6CE35-E102-4775-8568-BAE8F6F9376E}.Debug|Any CPU.ActiveCfg = Debug|Any CPU
		{10E6CE35-E102-4775-8568-BAE8F6F9376E}.Debug|Any CPU.Build.0 = Debug|Any CPU
		{10E6CE35-E102-4775-8568-BAE8F6F9376E}.Debug|ARM32.ActiveCfg = Debug|Any CPU
		{10E6CE35-E102-4775-8568-BAE8F6F9376E}.Debug|ARM32.Build.0 = Debug|Any CPU
		{10E6CE35-E102-4775-8568-BAE8F6F9376E}.Debug|ARM64.ActiveCfg = Debug|Any CPU
		{10E6CE35-E102-4775-8568-BAE8F6F9376E}.Debug|ARM64.Build.0 = Debug|Any CPU
		{10E6CE35-E102-4775-8568-BAE8F6F9376E}.Debug|x64.ActiveCfg = Debug|Any CPU
		{10E6CE35-E102-4775-8568-BAE8F6F9376E}.Debug|x64.Build.0 = Debug|Any CPU
		{10E6CE35-E102-4775-8568-BAE8F6F9376E}.Debug|x86.ActiveCfg = Debug|Any CPU
		{10E6CE35-E102-4775-8568-BAE8F6F9376E}.Debug|x86.Build.0 = Debug|Any CPU
		{10E6CE35-E102-4775-8568-BAE8F6F9376E}.Release|Any CPU.ActiveCfg = Release|Any CPU
		{10E6CE35-E102-4775-8568-BAE8F6F9376E}.Release|Any CPU.Build.0 = Release|Any CPU
		{10E6CE35-E102-4775-8568-BAE8F6F9376E}.Release|ARM32.ActiveCfg = Release|Any CPU
		{10E6CE35-E102-4775-8568-BAE8F6F9376E}.Release|ARM32.Build.0 = Release|Any CPU
		{10E6CE35-E102-4775-8568-BAE8F6F9376E}.Release|ARM64.ActiveCfg = Release|Any CPU
		{10E6CE35-E102-4775-8568-BAE8F6F9376E}.Release|ARM64.Build.0 = Release|Any CPU
		{10E6CE35-E102-4775-8568-BAE8F6F9376E}.Release|x64.ActiveCfg = Release|Any CPU
		{10E6CE35-E102-4775-8568-BAE8F6F9376E}.Release|x64.Build.0 = Release|Any CPU
		{10E6CE35-E102-4775-8568-BAE8F6F9376E}.Release|x86.ActiveCfg = Release|Any CPU
		{10E6CE35-E102-4775-8568-BAE8F6F9376E}.Release|x86.Build.0 = Release|Any CPU
		{FC1F1E87-3BF4-4FBD-8728-C96EF9987529}.Debug|Any CPU.ActiveCfg = Debug|Any CPU
		{FC1F1E87-3BF4-4FBD-8728-C96EF9987529}.Debug|Any CPU.Build.0 = Debug|Any CPU
		{FC1F1E87-3BF4-4FBD-8728-C96EF9987529}.Debug|ARM32.ActiveCfg = Debug|Any CPU
		{FC1F1E87-3BF4-4FBD-8728-C96EF9987529}.Debug|ARM32.Build.0 = Debug|Any CPU
		{FC1F1E87-3BF4-4FBD-8728-C96EF9987529}.Debug|ARM64.ActiveCfg = Debug|Any CPU
		{FC1F1E87-3BF4-4FBD-8728-C96EF9987529}.Debug|ARM64.Build.0 = Debug|Any CPU
		{FC1F1E87-3BF4-4FBD-8728-C96EF9987529}.Debug|x64.ActiveCfg = Debug|Any CPU
		{FC1F1E87-3BF4-4FBD-8728-C96EF9987529}.Debug|x64.Build.0 = Debug|Any CPU
		{FC1F1E87-3BF4-4FBD-8728-C96EF9987529}.Debug|x86.ActiveCfg = Debug|Any CPU
		{FC1F1E87-3BF4-4FBD-8728-C96EF9987529}.Debug|x86.Build.0 = Debug|Any CPU
		{FC1F1E87-3BF4-4FBD-8728-C96EF9987529}.Release|Any CPU.ActiveCfg = Release|Any CPU
		{FC1F1E87-3BF4-4FBD-8728-C96EF9987529}.Release|Any CPU.Build.0 = Release|Any CPU
		{FC1F1E87-3BF4-4FBD-8728-C96EF9987529}.Release|ARM32.ActiveCfg = Release|Any CPU
		{FC1F1E87-3BF4-4FBD-8728-C96EF9987529}.Release|ARM32.Build.0 = Release|Any CPU
		{FC1F1E87-3BF4-4FBD-8728-C96EF9987529}.Release|ARM64.ActiveCfg = Release|Any CPU
		{FC1F1E87-3BF4-4FBD-8728-C96EF9987529}.Release|ARM64.Build.0 = Release|Any CPU
		{FC1F1E87-3BF4-4FBD-8728-C96EF9987529}.Release|x64.ActiveCfg = Release|Any CPU
		{FC1F1E87-3BF4-4FBD-8728-C96EF9987529}.Release|x64.Build.0 = Release|Any CPU
		{FC1F1E87-3BF4-4FBD-8728-C96EF9987529}.Release|x86.ActiveCfg = Release|Any CPU
		{FC1F1E87-3BF4-4FBD-8728-C96EF9987529}.Release|x86.Build.0 = Release|Any CPU
		{F08A57E2-5769-4A63-B343-7CF03F813A21}.Debug|Any CPU.ActiveCfg = Debug|Any CPU
		{F08A57E2-5769-4A63-B343-7CF03F813A21}.Debug|Any CPU.Build.0 = Debug|Any CPU
		{F08A57E2-5769-4A63-B343-7CF03F813A21}.Debug|ARM32.ActiveCfg = Debug|Any CPU
		{F08A57E2-5769-4A63-B343-7CF03F813A21}.Debug|ARM32.Build.0 = Debug|Any CPU
		{F08A57E2-5769-4A63-B343-7CF03F813A21}.Debug|ARM64.ActiveCfg = Debug|Any CPU
		{F08A57E2-5769-4A63-B343-7CF03F813A21}.Debug|ARM64.Build.0 = Debug|Any CPU
		{F08A57E2-5769-4A63-B343-7CF03F813A21}.Debug|x64.ActiveCfg = Debug|Any CPU
		{F08A57E2-5769-4A63-B343-7CF03F813A21}.Debug|x64.Build.0 = Debug|Any CPU
		{F08A57E2-5769-4A63-B343-7CF03F813A21}.Debug|x86.ActiveCfg = Debug|Any CPU
		{F08A57E2-5769-4A63-B343-7CF03F813A21}.Debug|x86.Build.0 = Debug|Any CPU
		{F08A57E2-5769-4A63-B343-7CF03F813A21}.Release|Any CPU.ActiveCfg = Release|Any CPU
		{F08A57E2-5769-4A63-B343-7CF03F813A21}.Release|Any CPU.Build.0 = Release|Any CPU
		{F08A57E2-5769-4A63-B343-7CF03F813A21}.Release|ARM32.ActiveCfg = Release|Any CPU
		{F08A57E2-5769-4A63-B343-7CF03F813A21}.Release|ARM32.Build.0 = Release|Any CPU
		{F08A57E2-5769-4A63-B343-7CF03F813A21}.Release|ARM64.ActiveCfg = Release|Any CPU
		{F08A57E2-5769-4A63-B343-7CF03F813A21}.Release|ARM64.Build.0 = Release|Any CPU
		{F08A57E2-5769-4A63-B343-7CF03F813A21}.Release|x64.ActiveCfg = Release|Any CPU
		{F08A57E2-5769-4A63-B343-7CF03F813A21}.Release|x64.Build.0 = Release|Any CPU
		{F08A57E2-5769-4A63-B343-7CF03F813A21}.Release|x86.ActiveCfg = Release|Any CPU
		{F08A57E2-5769-4A63-B343-7CF03F813A21}.Release|x86.Build.0 = Release|Any CPU
		{BB54630A-4058-440B-8291-850398FBE6C8}.Debug|Any CPU.ActiveCfg = Debug|Any CPU
		{BB54630A-4058-440B-8291-850398FBE6C8}.Debug|Any CPU.Build.0 = Debug|Any CPU
		{BB54630A-4058-440B-8291-850398FBE6C8}.Debug|ARM32.ActiveCfg = Debug|Any CPU
		{BB54630A-4058-440B-8291-850398FBE6C8}.Debug|ARM32.Build.0 = Debug|Any CPU
		{BB54630A-4058-440B-8291-850398FBE6C8}.Debug|ARM64.ActiveCfg = Debug|Any CPU
		{BB54630A-4058-440B-8291-850398FBE6C8}.Debug|ARM64.Build.0 = Debug|Any CPU
		{BB54630A-4058-440B-8291-850398FBE6C8}.Debug|x64.ActiveCfg = Debug|Any CPU
		{BB54630A-4058-440B-8291-850398FBE6C8}.Debug|x64.Build.0 = Debug|Any CPU
		{BB54630A-4058-440B-8291-850398FBE6C8}.Debug|x86.ActiveCfg = Debug|Any CPU
		{BB54630A-4058-440B-8291-850398FBE6C8}.Debug|x86.Build.0 = Debug|Any CPU
		{BB54630A-4058-440B-8291-850398FBE6C8}.Release|Any CPU.ActiveCfg = Release|Any CPU
		{BB54630A-4058-440B-8291-850398FBE6C8}.Release|Any CPU.Build.0 = Release|Any CPU
		{BB54630A-4058-440B-8291-850398FBE6C8}.Release|ARM32.ActiveCfg = Release|Any CPU
		{BB54630A-4058-440B-8291-850398FBE6C8}.Release|ARM32.Build.0 = Release|Any CPU
		{BB54630A-4058-440B-8291-850398FBE6C8}.Release|ARM64.ActiveCfg = Release|Any CPU
		{BB54630A-4058-440B-8291-850398FBE6C8}.Release|ARM64.Build.0 = Release|Any CPU
		{BB54630A-4058-440B-8291-850398FBE6C8}.Release|x64.ActiveCfg = Release|Any CPU
		{BB54630A-4058-440B-8291-850398FBE6C8}.Release|x64.Build.0 = Release|Any CPU
		{BB54630A-4058-440B-8291-850398FBE6C8}.Release|x86.ActiveCfg = Release|Any CPU
		{BB54630A-4058-440B-8291-850398FBE6C8}.Release|x86.Build.0 = Release|Any CPU
		{662197F8-C5DC-4B71-B9A6-76C262D0372B}.Debug|Any CPU.ActiveCfg = Debug|Any CPU
		{662197F8-C5DC-4B71-B9A6-76C262D0372B}.Debug|Any CPU.Build.0 = Debug|Any CPU
		{662197F8-C5DC-4B71-B9A6-76C262D0372B}.Debug|ARM32.ActiveCfg = Debug|Any CPU
		{662197F8-C5DC-4B71-B9A6-76C262D0372B}.Debug|ARM32.Build.0 = Debug|Any CPU
		{662197F8-C5DC-4B71-B9A6-76C262D0372B}.Debug|ARM64.ActiveCfg = Debug|Any CPU
		{662197F8-C5DC-4B71-B9A6-76C262D0372B}.Debug|ARM64.Build.0 = Debug|Any CPU
		{662197F8-C5DC-4B71-B9A6-76C262D0372B}.Debug|x64.ActiveCfg = Debug|Any CPU
		{662197F8-C5DC-4B71-B9A6-76C262D0372B}.Debug|x64.Build.0 = Debug|Any CPU
		{662197F8-C5DC-4B71-B9A6-76C262D0372B}.Debug|x86.ActiveCfg = Debug|Any CPU
		{662197F8-C5DC-4B71-B9A6-76C262D0372B}.Debug|x86.Build.0 = Debug|Any CPU
		{662197F8-C5DC-4B71-B9A6-76C262D0372B}.Release|Any CPU.ActiveCfg = Release|Any CPU
		{662197F8-C5DC-4B71-B9A6-76C262D0372B}.Release|Any CPU.Build.0 = Release|Any CPU
		{662197F8-C5DC-4B71-B9A6-76C262D0372B}.Release|ARM32.ActiveCfg = Release|Any CPU
		{662197F8-C5DC-4B71-B9A6-76C262D0372B}.Release|ARM32.Build.0 = Release|Any CPU
		{662197F8-C5DC-4B71-B9A6-76C262D0372B}.Release|ARM64.ActiveCfg = Release|Any CPU
		{662197F8-C5DC-4B71-B9A6-76C262D0372B}.Release|ARM64.Build.0 = Release|Any CPU
		{662197F8-C5DC-4B71-B9A6-76C262D0372B}.Release|x64.ActiveCfg = Release|Any CPU
		{662197F8-C5DC-4B71-B9A6-76C262D0372B}.Release|x64.Build.0 = Release|Any CPU
		{662197F8-C5DC-4B71-B9A6-76C262D0372B}.Release|x86.ActiveCfg = Release|Any CPU
		{662197F8-C5DC-4B71-B9A6-76C262D0372B}.Release|x86.Build.0 = Release|Any CPU
		{F36DEB6D-BA3F-40AA-AD85-054C4A8C979E}.Debug|Any CPU.ActiveCfg = Debug|Any CPU
		{F36DEB6D-BA3F-40AA-AD85-054C4A8C979E}.Debug|Any CPU.Build.0 = Debug|Any CPU
		{F36DEB6D-BA3F-40AA-AD85-054C4A8C979E}.Debug|ARM32.ActiveCfg = Debug|Any CPU
		{F36DEB6D-BA3F-40AA-AD85-054C4A8C979E}.Debug|ARM32.Build.0 = Debug|Any CPU
		{F36DEB6D-BA3F-40AA-AD85-054C4A8C979E}.Debug|ARM64.ActiveCfg = Debug|Any CPU
		{F36DEB6D-BA3F-40AA-AD85-054C4A8C979E}.Debug|ARM64.Build.0 = Debug|Any CPU
		{F36DEB6D-BA3F-40AA-AD85-054C4A8C979E}.Debug|x64.ActiveCfg = Debug|Any CPU
		{F36DEB6D-BA3F-40AA-AD85-054C4A8C979E}.Debug|x64.Build.0 = Debug|Any CPU
		{F36DEB6D-BA3F-40AA-AD85-054C4A8C979E}.Debug|x86.ActiveCfg = Debug|Any CPU
		{F36DEB6D-BA3F-40AA-AD85-054C4A8C979E}.Debug|x86.Build.0 = Debug|Any CPU
		{F36DEB6D-BA3F-40AA-AD85-054C4A8C979E}.Release|Any CPU.ActiveCfg = Release|Any CPU
		{F36DEB6D-BA3F-40AA-AD85-054C4A8C979E}.Release|Any CPU.Build.0 = Release|Any CPU
		{F36DEB6D-BA3F-40AA-AD85-054C4A8C979E}.Release|ARM32.ActiveCfg = Release|Any CPU
		{F36DEB6D-BA3F-40AA-AD85-054C4A8C979E}.Release|ARM32.Build.0 = Release|Any CPU
		{F36DEB6D-BA3F-40AA-AD85-054C4A8C979E}.Release|ARM64.ActiveCfg = Release|Any CPU
		{F36DEB6D-BA3F-40AA-AD85-054C4A8C979E}.Release|ARM64.Build.0 = Release|Any CPU
		{F36DEB6D-BA3F-40AA-AD85-054C4A8C979E}.Release|x64.ActiveCfg = Release|Any CPU
		{F36DEB6D-BA3F-40AA-AD85-054C4A8C979E}.Release|x64.Build.0 = Release|Any CPU
		{F36DEB6D-BA3F-40AA-AD85-054C4A8C979E}.Release|x86.ActiveCfg = Release|Any CPU
		{F36DEB6D-BA3F-40AA-AD85-054C4A8C979E}.Release|x86.Build.0 = Release|Any CPU
		{226EC8CA-44EA-460D-8408-BBB158A5ED9A}.Debug|Any CPU.ActiveCfg = Debug|Any CPU
		{226EC8CA-44EA-460D-8408-BBB158A5ED9A}.Debug|Any CPU.Build.0 = Debug|Any CPU
		{226EC8CA-44EA-460D-8408-BBB158A5ED9A}.Debug|ARM32.ActiveCfg = Debug|Any CPU
		{226EC8CA-44EA-460D-8408-BBB158A5ED9A}.Debug|ARM32.Build.0 = Debug|Any CPU
		{226EC8CA-44EA-460D-8408-BBB158A5ED9A}.Debug|ARM64.ActiveCfg = Debug|Any CPU
		{226EC8CA-44EA-460D-8408-BBB158A5ED9A}.Debug|ARM64.Build.0 = Debug|Any CPU
		{226EC8CA-44EA-460D-8408-BBB158A5ED9A}.Debug|x64.ActiveCfg = Debug|Any CPU
		{226EC8CA-44EA-460D-8408-BBB158A5ED9A}.Debug|x64.Build.0 = Debug|Any CPU
		{226EC8CA-44EA-460D-8408-BBB158A5ED9A}.Debug|x86.ActiveCfg = Debug|Any CPU
		{226EC8CA-44EA-460D-8408-BBB158A5ED9A}.Debug|x86.Build.0 = Debug|Any CPU
		{226EC8CA-44EA-460D-8408-BBB158A5ED9A}.Release|Any CPU.ActiveCfg = Release|Any CPU
		{226EC8CA-44EA-460D-8408-BBB158A5ED9A}.Release|Any CPU.Build.0 = Release|Any CPU
		{226EC8CA-44EA-460D-8408-BBB158A5ED9A}.Release|ARM32.ActiveCfg = Release|Any CPU
		{226EC8CA-44EA-460D-8408-BBB158A5ED9A}.Release|ARM32.Build.0 = Release|Any CPU
		{226EC8CA-44EA-460D-8408-BBB158A5ED9A}.Release|ARM64.ActiveCfg = Release|Any CPU
		{226EC8CA-44EA-460D-8408-BBB158A5ED9A}.Release|ARM64.Build.0 = Release|Any CPU
		{226EC8CA-44EA-460D-8408-BBB158A5ED9A}.Release|x64.ActiveCfg = Release|Any CPU
		{226EC8CA-44EA-460D-8408-BBB158A5ED9A}.Release|x64.Build.0 = Release|Any CPU
		{226EC8CA-44EA-460D-8408-BBB158A5ED9A}.Release|x86.ActiveCfg = Release|Any CPU
		{226EC8CA-44EA-460D-8408-BBB158A5ED9A}.Release|x86.Build.0 = Release|Any CPU
		{449484EE-BAE2-4FFB-BADF-4E2C2FBC388A}.Debug|Any CPU.ActiveCfg = Debug|Any CPU
		{449484EE-BAE2-4FFB-BADF-4E2C2FBC388A}.Debug|Any CPU.Build.0 = Debug|Any CPU
		{449484EE-BAE2-4FFB-BADF-4E2C2FBC388A}.Debug|ARM32.ActiveCfg = Debug|Any CPU
		{449484EE-BAE2-4FFB-BADF-4E2C2FBC388A}.Debug|ARM32.Build.0 = Debug|Any CPU
		{449484EE-BAE2-4FFB-BADF-4E2C2FBC388A}.Debug|ARM64.ActiveCfg = Debug|Any CPU
		{449484EE-BAE2-4FFB-BADF-4E2C2FBC388A}.Debug|ARM64.Build.0 = Debug|Any CPU
		{449484EE-BAE2-4FFB-BADF-4E2C2FBC388A}.Debug|x64.ActiveCfg = Debug|Any CPU
		{449484EE-BAE2-4FFB-BADF-4E2C2FBC388A}.Debug|x64.Build.0 = Debug|Any CPU
		{449484EE-BAE2-4FFB-BADF-4E2C2FBC388A}.Debug|x86.ActiveCfg = Debug|Any CPU
		{449484EE-BAE2-4FFB-BADF-4E2C2FBC388A}.Debug|x86.Build.0 = Debug|Any CPU
		{449484EE-BAE2-4FFB-BADF-4E2C2FBC388A}.Release|Any CPU.ActiveCfg = Release|Any CPU
		{449484EE-BAE2-4FFB-BADF-4E2C2FBC388A}.Release|Any CPU.Build.0 = Release|Any CPU
		{449484EE-BAE2-4FFB-BADF-4E2C2FBC388A}.Release|ARM32.ActiveCfg = Release|Any CPU
		{449484EE-BAE2-4FFB-BADF-4E2C2FBC388A}.Release|ARM32.Build.0 = Release|Any CPU
		{449484EE-BAE2-4FFB-BADF-4E2C2FBC388A}.Release|ARM64.ActiveCfg = Release|Any CPU
		{449484EE-BAE2-4FFB-BADF-4E2C2FBC388A}.Release|ARM64.Build.0 = Release|Any CPU
		{449484EE-BAE2-4FFB-BADF-4E2C2FBC388A}.Release|x64.ActiveCfg = Release|Any CPU
		{449484EE-BAE2-4FFB-BADF-4E2C2FBC388A}.Release|x64.Build.0 = Release|Any CPU
		{449484EE-BAE2-4FFB-BADF-4E2C2FBC388A}.Release|x86.ActiveCfg = Release|Any CPU
		{449484EE-BAE2-4FFB-BADF-4E2C2FBC388A}.Release|x86.Build.0 = Release|Any CPU
		{F4DC4A94-F073-481C-A8BE-EBC4F2BA01E4}.Debug|Any CPU.ActiveCfg = Debug|Any CPU
		{F4DC4A94-F073-481C-A8BE-EBC4F2BA01E4}.Debug|Any CPU.Build.0 = Debug|Any CPU
		{F4DC4A94-F073-481C-A8BE-EBC4F2BA01E4}.Debug|ARM32.ActiveCfg = Debug|Any CPU
		{F4DC4A94-F073-481C-A8BE-EBC4F2BA01E4}.Debug|ARM32.Build.0 = Debug|Any CPU
		{F4DC4A94-F073-481C-A8BE-EBC4F2BA01E4}.Debug|ARM64.ActiveCfg = Debug|Any CPU
		{F4DC4A94-F073-481C-A8BE-EBC4F2BA01E4}.Debug|ARM64.Build.0 = Debug|Any CPU
		{F4DC4A94-F073-481C-A8BE-EBC4F2BA01E4}.Debug|x64.ActiveCfg = Debug|Any CPU
		{F4DC4A94-F073-481C-A8BE-EBC4F2BA01E4}.Debug|x64.Build.0 = Debug|Any CPU
		{F4DC4A94-F073-481C-A8BE-EBC4F2BA01E4}.Debug|x86.ActiveCfg = Debug|Any CPU
		{F4DC4A94-F073-481C-A8BE-EBC4F2BA01E4}.Debug|x86.Build.0 = Debug|Any CPU
		{F4DC4A94-F073-481C-A8BE-EBC4F2BA01E4}.Release|Any CPU.ActiveCfg = Release|Any CPU
		{F4DC4A94-F073-481C-A8BE-EBC4F2BA01E4}.Release|Any CPU.Build.0 = Release|Any CPU
		{F4DC4A94-F073-481C-A8BE-EBC4F2BA01E4}.Release|ARM32.ActiveCfg = Release|Any CPU
		{F4DC4A94-F073-481C-A8BE-EBC4F2BA01E4}.Release|ARM32.Build.0 = Release|Any CPU
		{F4DC4A94-F073-481C-A8BE-EBC4F2BA01E4}.Release|ARM64.ActiveCfg = Release|Any CPU
		{F4DC4A94-F073-481C-A8BE-EBC4F2BA01E4}.Release|ARM64.Build.0 = Release|Any CPU
		{F4DC4A94-F073-481C-A8BE-EBC4F2BA01E4}.Release|x64.ActiveCfg = Release|Any CPU
		{F4DC4A94-F073-481C-A8BE-EBC4F2BA01E4}.Release|x64.Build.0 = Release|Any CPU
		{F4DC4A94-F073-481C-A8BE-EBC4F2BA01E4}.Release|x86.ActiveCfg = Release|Any CPU
		{F4DC4A94-F073-481C-A8BE-EBC4F2BA01E4}.Release|x86.Build.0 = Release|Any CPU
		{E4F01FDE-2193-4FD0-91FA-C6FC5D86B297}.Debug|Any CPU.ActiveCfg = Debug|Any CPU
		{E4F01FDE-2193-4FD0-91FA-C6FC5D86B297}.Debug|Any CPU.Build.0 = Debug|Any CPU
		{E4F01FDE-2193-4FD0-91FA-C6FC5D86B297}.Debug|ARM32.ActiveCfg = Debug|Any CPU
		{E4F01FDE-2193-4FD0-91FA-C6FC5D86B297}.Debug|ARM32.Build.0 = Debug|Any CPU
		{E4F01FDE-2193-4FD0-91FA-C6FC5D86B297}.Debug|ARM64.ActiveCfg = Debug|Any CPU
		{E4F01FDE-2193-4FD0-91FA-C6FC5D86B297}.Debug|ARM64.Build.0 = Debug|Any CPU
		{E4F01FDE-2193-4FD0-91FA-C6FC5D86B297}.Debug|x64.ActiveCfg = Debug|Any CPU
		{E4F01FDE-2193-4FD0-91FA-C6FC5D86B297}.Debug|x64.Build.0 = Debug|Any CPU
		{E4F01FDE-2193-4FD0-91FA-C6FC5D86B297}.Debug|x86.ActiveCfg = Debug|Any CPU
		{E4F01FDE-2193-4FD0-91FA-C6FC5D86B297}.Debug|x86.Build.0 = Debug|Any CPU
		{E4F01FDE-2193-4FD0-91FA-C6FC5D86B297}.Release|Any CPU.ActiveCfg = Release|Any CPU
		{E4F01FDE-2193-4FD0-91FA-C6FC5D86B297}.Release|Any CPU.Build.0 = Release|Any CPU
		{E4F01FDE-2193-4FD0-91FA-C6FC5D86B297}.Release|ARM32.ActiveCfg = Release|Any CPU
		{E4F01FDE-2193-4FD0-91FA-C6FC5D86B297}.Release|ARM32.Build.0 = Release|Any CPU
		{E4F01FDE-2193-4FD0-91FA-C6FC5D86B297}.Release|ARM64.ActiveCfg = Release|Any CPU
		{E4F01FDE-2193-4FD0-91FA-C6FC5D86B297}.Release|ARM64.Build.0 = Release|Any CPU
		{E4F01FDE-2193-4FD0-91FA-C6FC5D86B297}.Release|x64.ActiveCfg = Release|Any CPU
		{E4F01FDE-2193-4FD0-91FA-C6FC5D86B297}.Release|x64.Build.0 = Release|Any CPU
		{E4F01FDE-2193-4FD0-91FA-C6FC5D86B297}.Release|x86.ActiveCfg = Release|Any CPU
		{E4F01FDE-2193-4FD0-91FA-C6FC5D86B297}.Release|x86.Build.0 = Release|Any CPU
		{1C506C66-39AB-48E4-8C66-41C9CE4464BB}.Debug|Any CPU.ActiveCfg = Debug|Any CPU
		{1C506C66-39AB-48E4-8C66-41C9CE4464BB}.Debug|Any CPU.Build.0 = Debug|Any CPU
		{1C506C66-39AB-48E4-8C66-41C9CE4464BB}.Debug|ARM32.ActiveCfg = Debug|Any CPU
		{1C506C66-39AB-48E4-8C66-41C9CE4464BB}.Debug|ARM32.Build.0 = Debug|Any CPU
		{1C506C66-39AB-48E4-8C66-41C9CE4464BB}.Debug|ARM64.ActiveCfg = Debug|Any CPU
		{1C506C66-39AB-48E4-8C66-41C9CE4464BB}.Debug|ARM64.Build.0 = Debug|Any CPU
		{1C506C66-39AB-48E4-8C66-41C9CE4464BB}.Debug|x64.ActiveCfg = Debug|Any CPU
		{1C506C66-39AB-48E4-8C66-41C9CE4464BB}.Debug|x64.Build.0 = Debug|Any CPU
		{1C506C66-39AB-48E4-8C66-41C9CE4464BB}.Debug|x86.ActiveCfg = Debug|Any CPU
		{1C506C66-39AB-48E4-8C66-41C9CE4464BB}.Debug|x86.Build.0 = Debug|Any CPU
		{1C506C66-39AB-48E4-8C66-41C9CE4464BB}.Release|Any CPU.ActiveCfg = Release|Any CPU
		{1C506C66-39AB-48E4-8C66-41C9CE4464BB}.Release|Any CPU.Build.0 = Release|Any CPU
		{1C506C66-39AB-48E4-8C66-41C9CE4464BB}.Release|ARM32.ActiveCfg = Release|Any CPU
		{1C506C66-39AB-48E4-8C66-41C9CE4464BB}.Release|ARM32.Build.0 = Release|Any CPU
		{1C506C66-39AB-48E4-8C66-41C9CE4464BB}.Release|ARM64.ActiveCfg = Release|Any CPU
		{1C506C66-39AB-48E4-8C66-41C9CE4464BB}.Release|ARM64.Build.0 = Release|Any CPU
		{1C506C66-39AB-48E4-8C66-41C9CE4464BB}.Release|x64.ActiveCfg = Release|Any CPU
		{1C506C66-39AB-48E4-8C66-41C9CE4464BB}.Release|x64.Build.0 = Release|Any CPU
		{1C506C66-39AB-48E4-8C66-41C9CE4464BB}.Release|x86.ActiveCfg = Release|Any CPU
		{1C506C66-39AB-48E4-8C66-41C9CE4464BB}.Release|x86.Build.0 = Release|Any CPU
		{7E0A58DA-018F-42C1-AA2F-82CB2A25B393}.Debug|Any CPU.ActiveCfg = Debug|Any CPU
		{7E0A58DA-018F-42C1-AA2F-82CB2A25B393}.Debug|Any CPU.Build.0 = Debug|Any CPU
		{7E0A58DA-018F-42C1-AA2F-82CB2A25B393}.Debug|ARM32.ActiveCfg = Debug|Any CPU
		{7E0A58DA-018F-42C1-AA2F-82CB2A25B393}.Debug|ARM32.Build.0 = Debug|Any CPU
		{7E0A58DA-018F-42C1-AA2F-82CB2A25B393}.Debug|ARM64.ActiveCfg = Debug|Any CPU
		{7E0A58DA-018F-42C1-AA2F-82CB2A25B393}.Debug|ARM64.Build.0 = Debug|Any CPU
		{7E0A58DA-018F-42C1-AA2F-82CB2A25B393}.Debug|x64.ActiveCfg = Debug|Any CPU
		{7E0A58DA-018F-42C1-AA2F-82CB2A25B393}.Debug|x64.Build.0 = Debug|Any CPU
		{7E0A58DA-018F-42C1-AA2F-82CB2A25B393}.Debug|x86.ActiveCfg = Debug|Any CPU
		{7E0A58DA-018F-42C1-AA2F-82CB2A25B393}.Debug|x86.Build.0 = Debug|Any CPU
		{7E0A58DA-018F-42C1-AA2F-82CB2A25B393}.Release|Any CPU.ActiveCfg = Release|Any CPU
		{7E0A58DA-018F-42C1-AA2F-82CB2A25B393}.Release|Any CPU.Build.0 = Release|Any CPU
		{7E0A58DA-018F-42C1-AA2F-82CB2A25B393}.Release|ARM32.ActiveCfg = Release|Any CPU
		{7E0A58DA-018F-42C1-AA2F-82CB2A25B393}.Release|ARM32.Build.0 = Release|Any CPU
		{7E0A58DA-018F-42C1-AA2F-82CB2A25B393}.Release|ARM64.ActiveCfg = Release|Any CPU
		{7E0A58DA-018F-42C1-AA2F-82CB2A25B393}.Release|ARM64.Build.0 = Release|Any CPU
		{7E0A58DA-018F-42C1-AA2F-82CB2A25B393}.Release|x64.ActiveCfg = Release|Any CPU
		{7E0A58DA-018F-42C1-AA2F-82CB2A25B393}.Release|x64.Build.0 = Release|Any CPU
		{7E0A58DA-018F-42C1-AA2F-82CB2A25B393}.Release|x86.ActiveCfg = Release|Any CPU
		{7E0A58DA-018F-42C1-AA2F-82CB2A25B393}.Release|x86.Build.0 = Release|Any CPU
		{6EB88EA2-6F44-4A48-AEBD-2B3F79608F66}.Debug|Any CPU.ActiveCfg = Debug|Any CPU
		{6EB88EA2-6F44-4A48-AEBD-2B3F79608F66}.Debug|Any CPU.Build.0 = Debug|Any CPU
		{6EB88EA2-6F44-4A48-AEBD-2B3F79608F66}.Debug|ARM32.ActiveCfg = Debug|Any CPU
		{6EB88EA2-6F44-4A48-AEBD-2B3F79608F66}.Debug|ARM32.Build.0 = Debug|Any CPU
		{6EB88EA2-6F44-4A48-AEBD-2B3F79608F66}.Debug|ARM64.ActiveCfg = Debug|Any CPU
		{6EB88EA2-6F44-4A48-AEBD-2B3F79608F66}.Debug|ARM64.Build.0 = Debug|Any CPU
		{6EB88EA2-6F44-4A48-AEBD-2B3F79608F66}.Debug|x64.ActiveCfg = Debug|Any CPU
		{6EB88EA2-6F44-4A48-AEBD-2B3F79608F66}.Debug|x64.Build.0 = Debug|Any CPU
		{6EB88EA2-6F44-4A48-AEBD-2B3F79608F66}.Debug|x86.ActiveCfg = Debug|Any CPU
		{6EB88EA2-6F44-4A48-AEBD-2B3F79608F66}.Debug|x86.Build.0 = Debug|Any CPU
		{6EB88EA2-6F44-4A48-AEBD-2B3F79608F66}.Release|Any CPU.ActiveCfg = Release|Any CPU
		{6EB88EA2-6F44-4A48-AEBD-2B3F79608F66}.Release|Any CPU.Build.0 = Release|Any CPU
		{6EB88EA2-6F44-4A48-AEBD-2B3F79608F66}.Release|ARM32.ActiveCfg = Release|Any CPU
		{6EB88EA2-6F44-4A48-AEBD-2B3F79608F66}.Release|ARM32.Build.0 = Release|Any CPU
		{6EB88EA2-6F44-4A48-AEBD-2B3F79608F66}.Release|ARM64.ActiveCfg = Release|Any CPU
		{6EB88EA2-6F44-4A48-AEBD-2B3F79608F66}.Release|ARM64.Build.0 = Release|Any CPU
		{6EB88EA2-6F44-4A48-AEBD-2B3F79608F66}.Release|x64.ActiveCfg = Release|Any CPU
		{6EB88EA2-6F44-4A48-AEBD-2B3F79608F66}.Release|x64.Build.0 = Release|Any CPU
		{6EB88EA2-6F44-4A48-AEBD-2B3F79608F66}.Release|x86.ActiveCfg = Release|Any CPU
		{6EB88EA2-6F44-4A48-AEBD-2B3F79608F66}.Release|x86.Build.0 = Release|Any CPU
		{1BA36F53-BAC0-4697-8C05-67541C429583}.Debug|Any CPU.ActiveCfg = Debug|Any CPU
		{1BA36F53-BAC0-4697-8C05-67541C429583}.Debug|Any CPU.Build.0 = Debug|Any CPU
		{1BA36F53-BAC0-4697-8C05-67541C429583}.Debug|ARM32.ActiveCfg = Debug|Any CPU
		{1BA36F53-BAC0-4697-8C05-67541C429583}.Debug|ARM32.Build.0 = Debug|Any CPU
		{1BA36F53-BAC0-4697-8C05-67541C429583}.Debug|ARM64.ActiveCfg = Debug|Any CPU
		{1BA36F53-BAC0-4697-8C05-67541C429583}.Debug|ARM64.Build.0 = Debug|Any CPU
		{1BA36F53-BAC0-4697-8C05-67541C429583}.Debug|x64.ActiveCfg = Debug|Any CPU
		{1BA36F53-BAC0-4697-8C05-67541C429583}.Debug|x64.Build.0 = Debug|Any CPU
		{1BA36F53-BAC0-4697-8C05-67541C429583}.Debug|x86.ActiveCfg = Debug|Any CPU
		{1BA36F53-BAC0-4697-8C05-67541C429583}.Debug|x86.Build.0 = Debug|Any CPU
		{1BA36F53-BAC0-4697-8C05-67541C429583}.Release|Any CPU.ActiveCfg = Release|Any CPU
		{1BA36F53-BAC0-4697-8C05-67541C429583}.Release|Any CPU.Build.0 = Release|Any CPU
		{1BA36F53-BAC0-4697-8C05-67541C429583}.Release|ARM32.ActiveCfg = Release|Any CPU
		{1BA36F53-BAC0-4697-8C05-67541C429583}.Release|ARM32.Build.0 = Release|Any CPU
		{1BA36F53-BAC0-4697-8C05-67541C429583}.Release|ARM64.ActiveCfg = Release|Any CPU
		{1BA36F53-BAC0-4697-8C05-67541C429583}.Release|ARM64.Build.0 = Release|Any CPU
		{1BA36F53-BAC0-4697-8C05-67541C429583}.Release|x64.ActiveCfg = Release|Any CPU
		{1BA36F53-BAC0-4697-8C05-67541C429583}.Release|x64.Build.0 = Release|Any CPU
		{1BA36F53-BAC0-4697-8C05-67541C429583}.Release|x86.ActiveCfg = Release|Any CPU
		{1BA36F53-BAC0-4697-8C05-67541C429583}.Release|x86.Build.0 = Release|Any CPU
		{123F16E6-2792-4206-B473-D64BC2822C12}.Debug|Any CPU.ActiveCfg = Debug|Any CPU
		{123F16E6-2792-4206-B473-D64BC2822C12}.Debug|Any CPU.Build.0 = Debug|Any CPU
		{123F16E6-2792-4206-B473-D64BC2822C12}.Debug|ARM32.ActiveCfg = Debug|Any CPU
		{123F16E6-2792-4206-B473-D64BC2822C12}.Debug|ARM32.Build.0 = Debug|Any CPU
		{123F16E6-2792-4206-B473-D64BC2822C12}.Debug|ARM64.ActiveCfg = Debug|Any CPU
		{123F16E6-2792-4206-B473-D64BC2822C12}.Debug|ARM64.Build.0 = Debug|Any CPU
		{123F16E6-2792-4206-B473-D64BC2822C12}.Debug|x64.ActiveCfg = Debug|Any CPU
		{123F16E6-2792-4206-B473-D64BC2822C12}.Debug|x64.Build.0 = Debug|Any CPU
		{123F16E6-2792-4206-B473-D64BC2822C12}.Debug|x86.ActiveCfg = Debug|Any CPU
		{123F16E6-2792-4206-B473-D64BC2822C12}.Debug|x86.Build.0 = Debug|Any CPU
		{123F16E6-2792-4206-B473-D64BC2822C12}.Release|Any CPU.ActiveCfg = Release|Any CPU
		{123F16E6-2792-4206-B473-D64BC2822C12}.Release|Any CPU.Build.0 = Release|Any CPU
		{123F16E6-2792-4206-B473-D64BC2822C12}.Release|ARM32.ActiveCfg = Release|Any CPU
		{123F16E6-2792-4206-B473-D64BC2822C12}.Release|ARM32.Build.0 = Release|Any CPU
		{123F16E6-2792-4206-B473-D64BC2822C12}.Release|ARM64.ActiveCfg = Release|Any CPU
		{123F16E6-2792-4206-B473-D64BC2822C12}.Release|ARM64.Build.0 = Release|Any CPU
		{123F16E6-2792-4206-B473-D64BC2822C12}.Release|x64.ActiveCfg = Release|Any CPU
		{123F16E6-2792-4206-B473-D64BC2822C12}.Release|x64.Build.0 = Release|Any CPU
		{123F16E6-2792-4206-B473-D64BC2822C12}.Release|x86.ActiveCfg = Release|Any CPU
		{123F16E6-2792-4206-B473-D64BC2822C12}.Release|x86.Build.0 = Release|Any CPU
		{0BF859CC-60EE-4BA9-841E-D8D0CD74407C}.Debug|Any CPU.ActiveCfg = Debug|Any CPU
		{0BF859CC-60EE-4BA9-841E-D8D0CD74407C}.Debug|Any CPU.Build.0 = Debug|Any CPU
		{0BF859CC-60EE-4BA9-841E-D8D0CD74407C}.Debug|ARM32.ActiveCfg = Debug|Any CPU
		{0BF859CC-60EE-4BA9-841E-D8D0CD74407C}.Debug|ARM32.Build.0 = Debug|Any CPU
		{0BF859CC-60EE-4BA9-841E-D8D0CD74407C}.Debug|ARM64.ActiveCfg = Debug|Any CPU
		{0BF859CC-60EE-4BA9-841E-D8D0CD74407C}.Debug|ARM64.Build.0 = Debug|Any CPU
		{0BF859CC-60EE-4BA9-841E-D8D0CD74407C}.Debug|x64.ActiveCfg = Debug|Any CPU
		{0BF859CC-60EE-4BA9-841E-D8D0CD74407C}.Debug|x64.Build.0 = Debug|Any CPU
		{0BF859CC-60EE-4BA9-841E-D8D0CD74407C}.Debug|x86.ActiveCfg = Debug|Any CPU
		{0BF859CC-60EE-4BA9-841E-D8D0CD74407C}.Debug|x86.Build.0 = Debug|Any CPU
		{0BF859CC-60EE-4BA9-841E-D8D0CD74407C}.Release|Any CPU.ActiveCfg = Release|Any CPU
		{0BF859CC-60EE-4BA9-841E-D8D0CD74407C}.Release|Any CPU.Build.0 = Release|Any CPU
		{0BF859CC-60EE-4BA9-841E-D8D0CD74407C}.Release|ARM32.ActiveCfg = Release|Any CPU
		{0BF859CC-60EE-4BA9-841E-D8D0CD74407C}.Release|ARM32.Build.0 = Release|Any CPU
		{0BF859CC-60EE-4BA9-841E-D8D0CD74407C}.Release|ARM64.ActiveCfg = Release|Any CPU
		{0BF859CC-60EE-4BA9-841E-D8D0CD74407C}.Release|ARM64.Build.0 = Release|Any CPU
		{0BF859CC-60EE-4BA9-841E-D8D0CD74407C}.Release|x64.ActiveCfg = Release|Any CPU
		{0BF859CC-60EE-4BA9-841E-D8D0CD74407C}.Release|x64.Build.0 = Release|Any CPU
		{0BF859CC-60EE-4BA9-841E-D8D0CD74407C}.Release|x86.ActiveCfg = Release|Any CPU
		{0BF859CC-60EE-4BA9-841E-D8D0CD74407C}.Release|x86.Build.0 = Release|Any CPU
		{6ECC5FBB-10CA-424B-B6C2-776CE379D86F}.Debug|Any CPU.ActiveCfg = Debug|Any CPU
		{6ECC5FBB-10CA-424B-B6C2-776CE379D86F}.Debug|Any CPU.Build.0 = Debug|Any CPU
		{6ECC5FBB-10CA-424B-B6C2-776CE379D86F}.Debug|ARM32.ActiveCfg = Debug|Any CPU
		{6ECC5FBB-10CA-424B-B6C2-776CE379D86F}.Debug|ARM32.Build.0 = Debug|Any CPU
		{6ECC5FBB-10CA-424B-B6C2-776CE379D86F}.Debug|ARM64.ActiveCfg = Debug|Any CPU
		{6ECC5FBB-10CA-424B-B6C2-776CE379D86F}.Debug|ARM64.Build.0 = Debug|Any CPU
		{6ECC5FBB-10CA-424B-B6C2-776CE379D86F}.Debug|x64.ActiveCfg = Debug|Any CPU
		{6ECC5FBB-10CA-424B-B6C2-776CE379D86F}.Debug|x64.Build.0 = Debug|Any CPU
		{6ECC5FBB-10CA-424B-B6C2-776CE379D86F}.Debug|x86.ActiveCfg = Debug|Any CPU
		{6ECC5FBB-10CA-424B-B6C2-776CE379D86F}.Debug|x86.Build.0 = Debug|Any CPU
		{6ECC5FBB-10CA-424B-B6C2-776CE379D86F}.Release|Any CPU.ActiveCfg = Release|Any CPU
		{6ECC5FBB-10CA-424B-B6C2-776CE379D86F}.Release|Any CPU.Build.0 = Release|Any CPU
		{6ECC5FBB-10CA-424B-B6C2-776CE379D86F}.Release|ARM32.ActiveCfg = Release|Any CPU
		{6ECC5FBB-10CA-424B-B6C2-776CE379D86F}.Release|ARM32.Build.0 = Release|Any CPU
		{6ECC5FBB-10CA-424B-B6C2-776CE379D86F}.Release|ARM64.ActiveCfg = Release|Any CPU
		{6ECC5FBB-10CA-424B-B6C2-776CE379D86F}.Release|ARM64.Build.0 = Release|Any CPU
		{6ECC5FBB-10CA-424B-B6C2-776CE379D86F}.Release|x64.ActiveCfg = Release|Any CPU
		{6ECC5FBB-10CA-424B-B6C2-776CE379D86F}.Release|x64.Build.0 = Release|Any CPU
		{6ECC5FBB-10CA-424B-B6C2-776CE379D86F}.Release|x86.ActiveCfg = Release|Any CPU
		{6ECC5FBB-10CA-424B-B6C2-776CE379D86F}.Release|x86.Build.0 = Release|Any CPU
	EndGlobalSection
	GlobalSection(SolutionProperties) = preSolution
		HideSolutionNode = FALSE
	EndGlobalSection
	GlobalSection(NestedProjects) = preSolution
		{1F30F82C-B727-4A40-82D4-A3B57665650B} = {6727D22F-EEAB-4AC0-ADC6-62333B3AE08F}
		{75993051-E3F1-443F-BC9B-FDCA84E3A23D} = {BD14841D-553A-4699-AF7A-5E520ADF2CBE}
		{F0E085BA-5501-4B94-9055-E77DFC1A8C37} = {B9D1BB31-ED3A-4577-9879-0691BD16B171}
		{6C02C9E8-3D82-4999-8784-4079BEB8CD22} = {B9D1BB31-ED3A-4577-9879-0691BD16B171}
		{4E0338AF-8F06-4CDF-B449-81CB70A9BE80} = {B9D1BB31-ED3A-4577-9879-0691BD16B171}
		{2B033404-74EB-4588-9422-5EDA13FBEB76} = {B9D1BB31-ED3A-4577-9879-0691BD16B171}
		{31077DA5-92AD-42D5-88BF-48409CF4309B} = {B9D1BB31-ED3A-4577-9879-0691BD16B171}
		{A78BDDE7-4116-472A-8DA5-7074CAC5805C} = {B9D1BB31-ED3A-4577-9879-0691BD16B171}
		{01AF4373-8906-480C-AD9A-1A3001BEFAB1} = {B9D1BB31-ED3A-4577-9879-0691BD16B171}
		{469C294D-258C-4CAF-88BB-B33893DA23A5} = {B9D1BB31-ED3A-4577-9879-0691BD16B171}
		{813BAA48-3CFE-4975-A01D-F1C5A80A2014} = {B9D1BB31-ED3A-4577-9879-0691BD16B171}
		{8B4CB43F-ECCE-4612-86C0-00F7BB02463F} = {A0187BA3-02AA-46D2-A8C4-CABAFDCF7E64}
		{9B5AC416-B21D-47C3-BB54-3BC90215FD82} = {A0187BA3-02AA-46D2-A8C4-CABAFDCF7E64}
		{86B9919E-1B34-485A-81E0-A377859FBC36} = {A0187BA3-02AA-46D2-A8C4-CABAFDCF7E64}
		{B4324762-BC94-4964-8D18-F6B7537BE870} = {9E12A7AD-2DD2-483F-B8B7-12575C9C526B}
		{DAD22A1E-638B-4EEE-B4E1-3E997AD63EAB} = {9E12A7AD-2DD2-483F-B8B7-12575C9C526B}
		{D7CC857D-D643-455F-9030-6414C4C8C3B0} = {9E12A7AD-2DD2-483F-B8B7-12575C9C526B}
		{F19A3982-3166-4EBC-8B9E-8C0EAC4D7115} = {9E12A7AD-2DD2-483F-B8B7-12575C9C526B}
		{7C6D7DA4-0E11-4814-983B-FB427547E2DF} = {A0187BA3-02AA-46D2-A8C4-CABAFDCF7E64}
		{10E6CE35-E102-4775-8568-BAE8F6F9376E} = {9E12A7AD-2DD2-483F-B8B7-12575C9C526B}
		{FC1F1E87-3BF4-4FBD-8728-C96EF9987529} = {9E12A7AD-2DD2-483F-B8B7-12575C9C526B}
		{F08A57E2-5769-4A63-B343-7CF03F813A21} = {9E12A7AD-2DD2-483F-B8B7-12575C9C526B}
		{BB54630A-4058-440B-8291-850398FBE6C8} = {0EC3899C-65FE-4204-AEFE-738D532CB239}
		{662197F8-C5DC-4B71-B9A6-76C262D0372B} = {0EC3899C-65FE-4204-AEFE-738D532CB239}
		{F36DEB6D-BA3F-40AA-AD85-054C4A8C979E} = {0EC3899C-65FE-4204-AEFE-738D532CB239}
		{226EC8CA-44EA-460D-8408-BBB158A5ED9A} = {0EC3899C-65FE-4204-AEFE-738D532CB239}
		{449484EE-BAE2-4FFB-BADF-4E2C2FBC388A} = {0EC3899C-65FE-4204-AEFE-738D532CB239}
		{F4DC4A94-F073-481C-A8BE-EBC4F2BA01E4} = {0EC3899C-65FE-4204-AEFE-738D532CB239}
		{E4F01FDE-2193-4FD0-91FA-C6FC5D86B297} = {B4C627B6-E088-4DD4-8D6E-58DFDA383277}
		{1C506C66-39AB-48E4-8C66-41C9CE4464BB} = {B4C627B6-E088-4DD4-8D6E-58DFDA383277}
		{7E0A58DA-018F-42C1-AA2F-82CB2A25B393} = {B4C627B6-E088-4DD4-8D6E-58DFDA383277}
		{6EB88EA2-6F44-4A48-AEBD-2B3F79608F66} = {75993051-E3F1-443F-BC9B-FDCA84E3A23D}
		{1BA36F53-BAC0-4697-8C05-67541C429583} = {75993051-E3F1-443F-BC9B-FDCA84E3A23D}
		{123F16E6-2792-4206-B473-D64BC2822C12} = {75993051-E3F1-443F-BC9B-FDCA84E3A23D}
		{6ECC5FBB-10CA-424B-B6C2-776CE379D86F} = {1F30F82C-B727-4A40-82D4-A3B57665650B}
	EndGlobalSection
	GlobalSection(ExtensibilityGlobals) = postSolution
		SolutionGuid = {CF5FB456-FEE4-4300-9273-869AD97A9A0B}
	EndGlobalSection
EndGlobal
