
Microsoft Visual Studio Solution File, Format Version 12.00
# Visual Studio Version 17
VisualStudioVersion = 17.5.33530.505
MinimumVisualStudioVersion = 10.0.40219.1
Project("{9A19103F-16F7-4668-BE54-9A1E7A4F7556}") = "PSMultiServer", "PSMultiServer.csproj", "{27A26134-6B99-43BF-B51C-2B353DDF7296}"
EndProject
Global
	GlobalSection(SolutionConfigurationPlatforms) = preSolution
		Debug|Any CPU = Debug|Any CPU
		Debug|ARM32 = Debug|ARM32
		Debug|ARM64 = Debug|ARM64
		Debug|x64 = Debug|x64
		Release|Any CPU = Release|Any CPU
		Release|ARM32 = Release|ARM32
		Release|ARM64 = Release|ARM64
		Release|x64 = Release|x64
	EndGlobalSection
	GlobalSection(ProjectConfigurationPlatforms) = postSolution
		{27A26134-6B99-43BF-B51C-2B353DDF7296}.Debug|Any CPU.ActiveCfg = Debug|Any CPU
		{27A26134-6B99-43BF-B51C-2B353DDF7296}.Debug|Any CPU.Build.0 = Debug|Any CPU
		{27A26134-6B99-43BF-B51C-2B353DDF7296}.Debug|ARM32.ActiveCfg = Debug|ARM32
		{27A26134-6B99-43BF-B51C-2B353DDF7296}.Debug|ARM32.Build.0 = Debug|ARM32
		{27A26134-6B99-43BF-B51C-2B353DDF7296}.Debug|ARM64.ActiveCfg = Debug|ARM64
		{27A26134-6B99-43BF-B51C-2B353DDF7296}.Debug|ARM64.Build.0 = Debug|ARM64
		{27A26134-6B99-43BF-B51C-2B353DDF7296}.Debug|x64.ActiveCfg = Debug|x64
		{27A26134-6B99-43BF-B51C-2B353DDF7296}.Debug|x64.Build.0 = Debug|x64
		{27A26134-6B99-43BF-B51C-2B353DDF7296}.Release|Any CPU.ActiveCfg = Release|Any CPU
		{27A26134-6B99-43BF-B51C-2B353DDF7296}.Release|Any CPU.Build.0 = Release|Any CPU
		{27A26134-6B99-43BF-B51C-2B353DDF7296}.Release|ARM32.ActiveCfg = Release|ARM32
		{27A26134-6B99-43BF-B51C-2B353DDF7296}.Release|ARM32.Build.0 = Release|ARM32
		{27A26134-6B99-43BF-B51C-2B353DDF7296}.Release|ARM64.ActiveCfg = Release|ARM64
		{27A26134-6B99-43BF-B51C-2B353DDF7296}.Release|ARM64.Build.0 = Release|ARM64
		{27A26134-6B99-43BF-B51C-2B353DDF7296}.Release|x64.ActiveCfg = Release|x64
		{27A26134-6B99-43BF-B51C-2B353DDF7296}.Release|x64.Build.0 = Release|x64
	EndGlobalSection
	GlobalSection(SolutionProperties) = preSolution
		HideSolutionNode = FALSE
	EndGlobalSection
	GlobalSection(ExtensibilityGlobals) = postSolution
		SolutionGuid = {1E2D1A3C-6165-406C-BC69-0F64CA319EF7}
	EndGlobalSection
EndGlobal
